PODS:
  - Alertift (4.2.0)
  - AttributedStringBuilder (1.2.0)
  - BEMCheckBox (1.4.1)
  - BottomPopup (0.7.0)
  - DeviceKit (2.3.0)
  - Differentiator (5.0.0)
  - DynamicBlurView (4.1.0)
  - HorizontalProgressBar (1.0.5)
  - IQKeyboardManagerSwift (6.5.6)
  - PopupDialog (1.1.1):
    - DynamicBlurView (~> 4.0)
  - R.swift (5.4.0):
    - R.swift.Library (~> 5.3.0)
  - R.swift.Library (5.3.0)
  - RxCocoa (6.2.0):
    - RxRelay (= 6.2.0)
    - RxSwift (= 6.2.0)
  - RxDataSources (5.0.0):
    - Differentiator (~> 5.0)
    - RxCocoa (~> 6.0)
    - RxSwift (~> 6.0)
  - RxRelay (6.2.0):
    - RxSwift (= 6.2.0)
  - RxSwift (6.2.0)
  - RxSwiftExt (6.0.1):
    - RxSwiftExt/Core (= 6.0.1)
    - RxSwiftExt/RxCocoa (= 6.0.1)
  - RxSwiftExt/Core (6.0.1):
    - RxSwift (~> 6.0)
  - RxSwiftExt/RxCocoa (6.0.1):
    - RxCocoa (~> 6.0)
    - RxSwiftExt/Core
  - SwiftRandom (1.0.0)
  - Swinject (2.7.1)
  - SwinjectStoryboard (2.2.1):
    - Swinject (~> 2.7.1)
  - Toast-Swift (5.0.1)

DEPENDENCIES:
  - Alertift (~> 4.1)
  - AttributedStringBuilder
  - BEMCheckBox
  - BottomPopup
  - DeviceKit (~> 2.0)
  - HorizontalProgressBar
  - IQKeyboardManagerSwift
  - PopupDialog
  - R.swift
  - RxDataSources
  - RxSwiftExt
  - SwiftRandom
  - Swinject
  - SwinjectStoryboard (from `https://github.com/Swinject/SwinjectStoryboard.git`, branch `master`)
  - Toast-Swift (~> 5.0.1)

SPEC REPOS:
  trunk:
    - Alertift
    - AttributedStringBuilder
    - BEMCheckBox
    - BottomPopup
    - DeviceKit
    - Differentiator
    - DynamicBlurView
    - HorizontalProgressBar
    - IQKeyboardManagerSwift
    - PopupDialog
    - R.swift
    - R.swift.Library
    - RxCocoa
    - RxDataSources
    - RxRelay
    - RxSwift
    - RxSwiftExt
    - SwiftRandom
    - Swinject
    - Toast-Swift

EXTERNAL SOURCES:
  SwinjectStoryboard:
    :branch: master
    :git: https://github.com/Swinject/SwinjectStoryboard.git

CHECKOUT OPTIONS:
  SwinjectStoryboard:
    :commit: dd2c13879c887233530b9673c5b67495ff3ee3bb
    :git: https://github.com/Swinject/SwinjectStoryboard.git

SPEC CHECKSUMS:
  Alertift: 17b37be915cd28edeceabd438e4134d041ea825c
  AttributedStringBuilder: 3cee4ae28b8fc6eba136242f89b0ea697a3b9d55
  BEMCheckBox: 5ba6e37ade3d3657b36caecc35c8b75c6c2b1a4e
  BottomPopup: fe3e284628532f99093ae68c592c6b9d392c972d
  DeviceKit: da103891aa928d89f64ea8dd8aca738c5f3d8ac0
  Differentiator: e8497ceab83c1b10ca233716d547b9af21b9344d
  DynamicBlurView: 58e18fae80bb614e34681a4486870e7d257b62e8
  HorizontalProgressBar: f0e3d36051656651d1430d2cf5e0146fc4895f15
  IQKeyboardManagerSwift: c7df9d2deb356c04522f5c4b7b6e4ce4d8ed94fe
  PopupDialog: 720c92befd8bc23c13442254945213db5612f149
  R.swift: c533450b0f7dc494e0993f5f1a1db925d84c3006
  R.swift.Library: 0fc583cb55a99e28901299cc451614cad1161962
  RxCocoa: 4baf94bb35f2c0ab31bc0cb9f1900155f646ba42
  RxDataSources: aa47cc1ed6c500fa0dfecac5c979b723542d79cf
  RxRelay: e72dbfd157807478401ef1982e1c61c945c94b2f
  RxSwift: d356ab7bee873611322f134c5f9ef379fa183d8f
  RxSwiftExt: d61c4b9b06e0a448041b1c659e0f1b5c5a035afc
  SwiftRandom: 437275c63500ddf5a565cbd56996fb23f12cfc3d
  Swinject: ddf78b8486dd9b71a667b852cad919ab4484478e
  SwinjectStoryboard: fe54ea9494a75348b1f3126e5e278e674f5684ad
  Toast-Swift: 9b6a70f28b3bf0b96c40d46c0c4b9d6639846711

PODFILE CHECKSUM: 41b71af14be949261250c367c68ec752b922c315

COCOAPODS: 1.10.2
