PODS:
  - Alertift (4.2.0)
  - AttributedStringBuilder (1.2.0)
  - BEMCheckBox (1.4.1)
  - BottomPopup (0.7.0)
  - DeviceKit (2.3.0)
  - Differentiator (5.0.0)
  - DynamicBlurView (4.1.0)
  - Firebase (8.4.0):
    - Firebase/Core (= 8.4.0)
  - Firebase/Analytics (8.4.0):
    - Firebase/Core
  - Firebase/Core (8.4.0):
    - Firebase/CoreOnly
    - FirebaseAnalytics (~> 8.4.0)
  - Firebase/CoreOnly (8.4.0):
    - FirebaseCore (= 8.4.0)
  - Firebase/Crashlytics (8.4.0):
    - Firebase/CoreOnly
    - FirebaseCrashlytics (~> 8.4.0)
  - Firebase/Functions (8.4.0):
    - Firebase/CoreOnly
    - FirebaseFunctions (~> 8.4.0)
  - Firebase/InAppMessaging (8.4.0):
    - Firebase/CoreOnly
    - FirebaseInAppMessaging (~> 8.4.0-beta)
  - Firebase/Messaging (8.4.0):
    - Firebase/CoreOnly
    - FirebaseMessaging (~> 8.4.0)
  - Firebase/Performance (8.4.0):
    - Firebase/CoreOnly
    - FirebasePerformance (~> 8.4.0)
  - Firebase/RemoteConfig (8.4.0):
    - Firebase/CoreOnly
    - FirebaseRemoteConfig (~> 8.4.0)
  - FirebaseABTesting (8.4.0):
    - FirebaseCore (~> 8.0)
  - FirebaseAnalytics (8.4.0):
    - FirebaseAnalytics/AdIdSupport (= 8.4.0)
    - FirebaseCore (~> 8.0)
    - FirebaseInstallations (~> 8.0)
    - GoogleUtilities/AppDelegateSwizzler (~> 7.4)
    - GoogleUtilities/MethodSwizzler (~> 7.4)
    - GoogleUtilities/Network (~> 7.4)
    - "GoogleUtilities/NSData+zlib (~> 7.4)"
    - nanopb (~> 2.30908.0)
  - FirebaseAnalytics/AdIdSupport (8.4.0):
    - FirebaseCore (~> 8.0)
    - FirebaseInstallations (~> 8.0)
    - GoogleAppMeasurement (= 8.4.0)
    - GoogleUtilities/AppDelegateSwizzler (~> 7.4)
    - GoogleUtilities/MethodSwizzler (~> 7.4)
    - GoogleUtilities/Network (~> 7.4)
    - "GoogleUtilities/NSData+zlib (~> 7.4)"
    - nanopb (~> 2.30908.0)
  - FirebaseCore (8.4.0):
    - FirebaseCoreDiagnostics (~> 8.0)
    - GoogleUtilities/Environment (~> 7.4)
    - GoogleUtilities/Logger (~> 7.4)
  - FirebaseCoreDiagnostics (8.4.0):
    - GoogleDataTransport (~> 9.0)
    - GoogleUtilities/Environment (~> 7.4)
    - GoogleUtilities/Logger (~> 7.4)
    - nanopb (~> 2.30908.0)
  - FirebaseCrashlytics (8.4.0):
    - FirebaseCore (~> 8.0)
    - FirebaseInstallations (~> 8.0)
    - GoogleDataTransport (~> 9.0)
    - GoogleUtilities/Environment (~> 7.4)
    - nanopb (~> 2.30908.0)
    - PromisesObjC (< 3.0, >= 1.2)
  - FirebaseFunctions (8.4.0):
    - FirebaseCore (~> 8.0)
    - GTMSessionFetcher/Core (~> 1.5)
  - FirebaseInAppMessaging (8.4.0-beta):
    - FirebaseABTesting (~> 8.0)
    - FirebaseCore (~> 8.0)
    - FirebaseInstallations (~> 8.0)
    - GoogleUtilities/Environment (~> 7.4)
    - nanopb (~> 2.30908.0)
  - FirebaseInstallations (8.4.0):
    - FirebaseCore (~> 8.0)
    - GoogleUtilities/Environment (~> 7.4)
    - GoogleUtilities/UserDefaults (~> 7.4)
    - PromisesObjC (< 3.0, >= 1.2)
  - FirebaseMessaging (8.4.0):
    - FirebaseCore (~> 8.0)
    - FirebaseInstallations (~> 8.0)
    - GoogleUtilities/AppDelegateSwizzler (~> 7.4)
    - GoogleUtilities/Environment (~> 7.4)
    - GoogleUtilities/Reachability (~> 7.4)
    - GoogleUtilities/UserDefaults (~> 7.4)
  - FirebasePerformance (8.4.0):
    - FirebaseCore (~> 8.0)
    - FirebaseInstallations (~> 8.0)
    - FirebaseRemoteConfig (~> 8.0)
    - GoogleDataTransport (~> 9.0)
    - GoogleUtilities/Environment (~> 7.4)
    - GoogleUtilities/ISASwizzler (~> 7.4)
    - GoogleUtilities/MethodSwizzler (~> 7.4)
    - Protobuf (~> 3.15)
  - FirebaseRemoteConfig (8.4.0):
    - FirebaseABTesting (~> 8.0)
    - FirebaseCore (~> 8.0)
    - FirebaseInstallations (~> 8.0)
    - GoogleUtilities/Environment (~> 7.4)
    - "GoogleUtilities/NSData+zlib (~> 7.4)"
  - GoogleAppMeasurement (8.4.0):
    - GoogleAppMeasurement/AdIdSupport (= 8.4.0)
    - GoogleUtilities/AppDelegateSwizzler (~> 7.4)
    - GoogleUtilities/MethodSwizzler (~> 7.4)
    - GoogleUtilities/Network (~> 7.4)
    - "GoogleUtilities/NSData+zlib (~> 7.4)"
    - nanopb (~> 2.30908.0)
  - GoogleAppMeasurement/AdIdSupport (8.4.0):
    - GoogleUtilities/AppDelegateSwizzler (~> 7.4)
    - GoogleUtilities/MethodSwizzler (~> 7.4)
    - GoogleUtilities/Network (~> 7.4)
    - "GoogleUtilities/NSData+zlib (~> 7.4)"
    - nanopb (~> 2.30908.0)
  - GoogleDataTransport (9.1.0):
    - GoogleUtilities/Environment (~> 7.2)
    - nanopb (~> 2.30908.0)
    - PromisesObjC (< 3.0, >= 1.2)
  - GoogleUtilities/AppDelegateSwizzler (7.5.0):
    - GoogleUtilities/Environment
    - GoogleUtilities/Logger
    - GoogleUtilities/Network
  - GoogleUtilities/Environment (7.5.0):
    - PromisesObjC (< 3.0, >= 1.2)
  - GoogleUtilities/ISASwizzler (7.5.0)
  - GoogleUtilities/Logger (7.5.0):
    - GoogleUtilities/Environment
  - GoogleUtilities/MethodSwizzler (7.5.0):
    - GoogleUtilities/Logger
  - GoogleUtilities/Network (7.5.0):
    - GoogleUtilities/Logger
    - "GoogleUtilities/NSData+zlib"
    - GoogleUtilities/Reachability
  - "GoogleUtilities/NSData+zlib (7.5.0)"
  - GoogleUtilities/Reachability (7.5.0):
    - GoogleUtilities/Logger
  - GoogleUtilities/UserDefaults (7.5.0):
    - GoogleUtilities/Logger
  - GTMSessionFetcher/Core (1.6.1)
  - HorizontalProgressBar (1.0.5)
  - IQKeyboardManagerSwift (6.5.6)
  - nanopb (2.30908.0):
    - nanopb/decode (= 2.30908.0)
    - nanopb/encode (= 2.30908.0)
  - nanopb/decode (2.30908.0)
  - nanopb/encode (2.30908.0)
  - PopupDialog (1.1.1):
    - DynamicBlurView (~> 4.0)
  - PromisesObjC (2.0.0)
  - Protobuf (3.17.0)
  - R.swift (5.4.0):
    - R.swift.Library (~> 5.3.0)
  - R.swift.Library (5.3.0)
  - RxCocoa (6.2.0):
    - RxRelay (= 6.2.0)
    - RxSwift (= 6.2.0)
  - RxDataSources (5.0.0):
    - Differentiator (~> 5.0)
    - RxCocoa (~> 6.0)
    - RxSwift (~> 6.0)
  - RxRelay (6.2.0):
    - RxSwift (= 6.2.0)
  - RxSwift (6.2.0)
  - RxSwiftExt (6.0.1):
    - RxSwiftExt/Core (= 6.0.1)
    - RxSwiftExt/RxCocoa (= 6.0.1)
  - RxSwiftExt/Core (6.0.1):
    - RxSwift (~> 6.0)
  - RxSwiftExt/RxCocoa (6.0.1):
    - RxCocoa (~> 6.0)
    - RxSwiftExt/Core
  - SwiftRandom (1.0.0)
  - Swinject (2.7.1)
  - SwinjectStoryboard (2.2.1):
    - Swinject (~> 2.7.1)
  - Toast-Swift (5.0.1)

DEPENDENCIES:
  - Alertift (~> 4.1)
  - AttributedStringBuilder
  - BEMCheckBox
  - BottomPopup
  - DeviceKit (~> 2.0)
  - Firebase
  - Firebase/Analytics
  - Firebase/Crashlytics
  - Firebase/Functions
  - Firebase/InAppMessaging
  - Firebase/Messaging
  - Firebase/Performance
  - Firebase/RemoteConfig
  - HorizontalProgressBar
  - IQKeyboardManagerSwift
  - PopupDialog
  - R.swift
  - RxDataSources
  - RxSwiftExt
  - SwiftRandom
  - Swinject
  - SwinjectStoryboard (from `https://github.com/Swinject/SwinjectStoryboard.git`, branch `master`)
  - Toast-Swift (~> 5.0.1)

SPEC REPOS:
  trunk:
    - Alertift
    - AttributedStringBuilder
    - BEMCheckBox
    - BottomPopup
    - DeviceKit
    - Differentiator
    - DynamicBlurView
    - Firebase
    - FirebaseABTesting
    - FirebaseAnalytics
    - FirebaseCore
    - FirebaseCoreDiagnostics
    - FirebaseCrashlytics
    - FirebaseFunctions
    - FirebaseInAppMessaging
    - FirebaseInstallations
    - FirebaseMessaging
    - FirebasePerformance
    - FirebaseRemoteConfig
    - GoogleAppMeasurement
    - GoogleDataTransport
    - GoogleUtilities
    - GTMSessionFetcher
    - HorizontalProgressBar
    - IQKeyboardManagerSwift
    - nanopb
    - PopupDialog
    - PromisesObjC
    - Protobuf
    - R.swift
    - R.swift.Library
    - RxCocoa
    - RxDataSources
    - RxRelay
    - RxSwift
    - RxSwiftExt
    - SwiftRandom
    - Swinject
    - Toast-Swift

EXTERNAL SOURCES:
  SwinjectStoryboard:
    :branch: master
    :git: https://github.com/Swinject/SwinjectStoryboard.git

CHECKOUT OPTIONS:
  SwinjectStoryboard:
    :commit: dd2c13879c887233530b9673c5b67495ff3ee3bb
    :git: https://github.com/Swinject/SwinjectStoryboard.git

SPEC CHECKSUMS:
  Alertift: 17b37be915cd28edeceabd438e4134d041ea825c
  AttributedStringBuilder: 3cee4ae28b8fc6eba136242f89b0ea697a3b9d55
  BEMCheckBox: 5ba6e37ade3d3657b36caecc35c8b75c6c2b1a4e
  BottomPopup: fe3e284628532f99093ae68c592c6b9d392c972d
  DeviceKit: da103891aa928d89f64ea8dd8aca738c5f3d8ac0
  Differentiator: e8497ceab83c1b10ca233716d547b9af21b9344d
  DynamicBlurView: 58e18fae80bb614e34681a4486870e7d257b62e8
  Firebase: 54cdc8bc9c9b3de54f43dab86e62f5a76b47034f
  FirebaseABTesting: 4cb61aeeb50f60680af1c01fff781dfaf9293916
  FirebaseAnalytics: 4751d6a49598a2b58da678cc07df696bcd809ab9
  FirebaseCore: 31f389c37ac1ea52454a53d3081f2d7019485a4a
  FirebaseCoreDiagnostics: cad03be1904b975f845e632f2720c3337da27faf
  FirebaseCrashlytics: c9eb562b2f6bd5ee5e880144fd5ef1bfe46c5dc5
  FirebaseFunctions: b9a82a186d32b88d7c80debcb782f755d6461bf6
  FirebaseInAppMessaging: 5462459195ee5c3ac2a36fa1712f26672500f975
  FirebaseInstallations: 1585729afc787877763208c2088ed84221161f77
  FirebaseMessaging: 78025c56654f05c7ebd6f7f87f9d4b12c5231207
  FirebasePerformance: b6a1fd3ca81f5d54c4216e43562aa9dcd4f54b19
  FirebaseRemoteConfig: 0b813f093033c56fe74a91996044a239ab5acb02
  GoogleAppMeasurement: 6b6a08fd9c71f4dbc89e0e812acca81d797aa342
  GoogleDataTransport: 85fd18ff3019bb85d3f2c551d04c481dedf71fc9
  GoogleUtilities: eea970f4a389963963bffe8d8fabe43540678b9c
  GTMSessionFetcher: 36689134877faeb055b27dfa4ccc9ceaa42e029e
  HorizontalProgressBar: f0e3d36051656651d1430d2cf5e0146fc4895f15
  IQKeyboardManagerSwift: c7df9d2deb356c04522f5c4b7b6e4ce4d8ed94fe
  nanopb: a0ba3315591a9ae0a16a309ee504766e90db0c96
  PopupDialog: 720c92befd8bc23c13442254945213db5612f149
  PromisesObjC: 68159ce6952d93e17b2dfe273b8c40907db5ba58
  Protobuf: 7327d4444215b5f18e560a97f879ff5503c4581c
  R.swift: c533450b0f7dc494e0993f5f1a1db925d84c3006
  R.swift.Library: 0fc583cb55a99e28901299cc451614cad1161962
  RxCocoa: 4baf94bb35f2c0ab31bc0cb9f1900155f646ba42
  RxDataSources: aa47cc1ed6c500fa0dfecac5c979b723542d79cf
  RxRelay: e72dbfd157807478401ef1982e1c61c945c94b2f
  RxSwift: d356ab7bee873611322f134c5f9ef379fa183d8f
  RxSwiftExt: d61c4b9b06e0a448041b1c659e0f1b5c5a035afc
  SwiftRandom: 437275c63500ddf5a565cbd56996fb23f12cfc3d
  Swinject: ddf78b8486dd9b71a667b852cad919ab4484478e
  SwinjectStoryboard: fe54ea9494a75348b1f3126e5e278e674f5684ad
  Toast-Swift: 9b6a70f28b3bf0b96c40d46c0c4b9d6639846711

PODFILE CHECKSUM: aabb05329168c0671efdac7d101edb945f6acbb0

COCOAPODS: 1.10.2
