PODS:
  - Alertift (4.1.1)
  - BottomPopup (0.6.0)
  - DeviceKit (2.3.0)
  - Differentiator (4.0.1)
  - DynamicBlurView (4.0.0)
  - HorizontalProgressBar (1.0.5)
  - KVNProgress (2.3.5)
  - MaterialComponents/Availability (107.2.0)
  - MaterialComponents/BottomSheet (107.2.0):
    - MaterialComponents/Elevation
    - MaterialComponents/private/KeyboardWatcher
    - MaterialComponents/private/Math
    - MaterialComponents/ShadowElevations
    - MaterialComponents/ShadowLayer
    - MaterialComponents/ShapeLibrary
    - MaterialComponents/Shapes
  - MaterialComponents/Elevation (107.2.0):
    - MaterialComponents/Availability
    - MaterialComponents/private/Color
    - MaterialComponents/private/Math
  - MaterialComponents/private/Application (107.2.0)
  - MaterialComponents/private/Color (107.2.0):
    - MaterialComponents/Availability
  - MaterialComponents/private/KeyboardWatcher (107.2.0):
    - MaterialComponents/private/Application
  - MaterialComponents/private/Math (107.2.0)
  - MaterialComponents/ShadowElevations (107.2.0)
  - MaterialComponents/ShadowLayer (107.2.0):
    - MaterialComponents/ShadowElevations
  - MaterialComponents/ShapeLibrary (107.2.0):
    - MaterialComponents/private/Math
    - MaterialComponents/Shapes
  - MaterialComponents/Shapes (107.2.0):
    - MaterialComponents/private/Color
    - MaterialComponents/private/Math
    - MaterialComponents/ShadowLayer
  - PopupDialog (1.1.1):
    - DynamicBlurView (~> 4.0)
  - R.swift (5.2.2):
    - R.swift.Library (~> 5.2.0)
  - R.swift.Library (5.2.0)
  - Realm (4.3.2):
    - Realm/Headers (= 4.3.2)
  - Realm/Headers (4.3.2)
  - RealmSwift (4.3.2):
    - Realm (= 4.3.2)
  - RxBlocking (5.1.0):
    - RxSwift (~> 5)
  - RxCocoa (5.1.0):
    - RxRelay (~> 5)
    - RxSwift (~> 5)
  - RxDataSources (4.0.1):
    - Differentiator (~> 4.0)
    - RxCocoa (~> 5.0)
    - RxSwift (~> 5.0)
  - RxRealm (2.0.0):
    - RealmSwift (~> 4.0)
    - RxSwift (~> 5.0)
  - RxRelay (5.1.0):
    - RxSwift (~> 5)
  - RxSwift (5.1.0)
  - RxSwiftExt (5.2.0):
    - RxSwiftExt/Core (= 5.2.0)
    - RxSwiftExt/RxCocoa (= 5.2.0)
  - RxSwiftExt/Core (5.2.0):
    - RxSwift (~> 5.0)
  - RxSwiftExt/RxCocoa (5.2.0):
    - RxCocoa (~> 5.0)
    - RxSwiftExt/Core
  - RxTest (5.1.0):
    - RxSwift (~> 5)
  - Shimmer (1.0.2)
  - SwiftRandom (1.0.0)
  - Swinject (2.7.1)
  - SwinjectStoryboard (2.2.0):
    - Swinject (~> 2.6)

DEPENDENCIES:
  - Alertift (~> 4.1)
  - BottomPopup
  - DeviceKit (~> 2.0)
  - HorizontalProgressBar
  - KVNProgress
  - MaterialComponents/BottomSheet
  - PopupDialog
  - R.swift
  - RealmSwift
  - RxBlocking (~> 5)
  - RxCocoa (~> 5)
  - RxDataSources (~> 4.0)
  - RxRealm
  - RxSwift (~> 5)
  - RxSwiftExt (~> 5)
  - RxTest (~> 5)
  - Shimmer
  - SwiftRandom
  - Swinject
  - SwinjectStoryboard

SPEC REPOS:
  trunk:
    - Alertift
    - BottomPopup
    - DeviceKit
    - Differentiator
    - DynamicBlurView
    - HorizontalProgressBar
    - KVNProgress
    - MaterialComponents
    - PopupDialog
    - R.swift
    - R.swift.Library
    - Realm
    - RealmSwift
    - RxBlocking
    - RxCocoa
    - RxDataSources
    - RxRealm
    - RxRelay
    - RxSwift
    - RxSwiftExt
    - RxTest
    - Shimmer
    - SwiftRandom
    - Swinject
    - SwinjectStoryboard

SPEC CHECKSUMS:
  Alertift: 950483ca193717cc8bb508a7dbbe34f4af321daf
  BottomPopup: 1d5649a3b29396238f0e8f3c82075a7bfcf37ba7
  DeviceKit: da103891aa928d89f64ea8dd8aca738c5f3d8ac0
  Differentiator: 886080237d9f87f322641dedbc5be257061b0602
  DynamicBlurView: ccf9acd2b20c883cc2c72e3524a04d8d3ee20533
  HorizontalProgressBar: f0e3d36051656651d1430d2cf5e0146fc4895f15
  KVNProgress: d7046cce142f1aeb740db39dc3cacfe910fac354
  MaterialComponents: 4dd1927cd2257e564983018906e152d18cda0c03
  PopupDialog: 720c92befd8bc23c13442254945213db5612f149
  R.swift: 7c52cdc57a66840ffe6cbd8a823d732059d42a32
  R.swift.Library: 5ba4f1631300caf9a4d890186930da85d540769d
  Realm: 5e92902e2875dff4bb0fd02f67bb737c3d5db2bc
  RealmSwift: 9a360fc7bae04fc2e308a34fbd899d5faa2d6b22
  RxBlocking: 5ef131267220f92ef68531dd6afeaf407cd6b41a
  RxCocoa: 13d2a4d7546a34b8ececae8c281e4ea1dbb94f2b
  RxDataSources: efee07fa4de48477eca0a4611e6d11e2da9c1114
  RxRealm: 900f5c7e6f0a2d6527b56eaf7283f3035ec1e8ba
  RxRelay: a168bd6caf712d00c676ac344e9295afc93b418e
  RxSwift: ad5874f24bb0dbffd1e9bb8443604e3578796c7a
  RxSwiftExt: 4ca80336f43c28f11a2825cdd2fc61dd6c044697
  RxTest: d5e1c9c1880de2751041fa485d476ce006967b31
  Shimmer: c5374be1c2b0c9e292fb05b339a513cf291cac86
  SwiftRandom: 437275c63500ddf5a565cbd56996fb23f12cfc3d
  Swinject: ddf78b8486dd9b71a667b852cad919ab4484478e
  SwinjectStoryboard: 32512ef16c2b0ff5b8f823b23539c4a50f6d3383

PODFILE CHECKSUM: 1c5c86892b300c36a7a0adc483adfb7d91b3913c

COCOAPODS: 1.9.3
