// !$*UTF8*$!
{
	archiveVersion = 1;
	classes = {
	};
	objectVersion = 51;
	objects = {

/* Begin PBXBuildFile section */
		076AB2A3C00E14C11FA29C18 /* Pods_Tiv_BibleTests.framework in Frameworks */ = {isa = PBXBuildFile; fileRef = 75BC5B91C4FEC0F3E36C43B2 /* Pods_Tiv_BibleTests.framework */; };
		14121D1B2474677F0073814F /* montserrat_alternates_bold.ttf in Resources */ = {isa = PBXBuildFile; fileRef = 14121CE72474674B0073814F /* montserrat_alternates_bold.ttf */; };
		14121D1C2474677F0073814F /* lobster.ttf in Resources */ = {isa = PBXBuildFile; fileRef = 14121CE82474674C0073814F /* lobster.ttf */; };
		14121D1D2474677F0073814F /* indie_flower.ttf in Resources */ = {isa = PBXBuildFile; fileRef = 14121CE92474674D0073814F /* indie_flower.ttf */; };
		14121D1E2474677F0073814F /* montserrat_light.ttf in Resources */ = {isa = PBXBuildFile; fileRef = 14121CEA2474674E0073814F /* montserrat_light.ttf */; };
		14121D1F2474677F0073814F /* roboto_medium_italic.ttf in Resources */ = {isa = PBXBuildFile; fileRef = 14121CEB247467500073814F /* roboto_medium_italic.ttf */; };
		14121D202474677F0073814F /* montserrat.ttf in Resources */ = {isa = PBXBuildFile; fileRef = 14121CEC247467510073814F /* montserrat.ttf */; };
		14121D212474677F0073814F /* amatic_sc.ttf in Resources */ = {isa = PBXBuildFile; fileRef = 14121CED247467520073814F /* amatic_sc.ttf */; };
		14121D222474677F0073814F /* montserrat_bold.ttf in Resources */ = {isa = PBXBuildFile; fileRef = 14121CEE247467530073814F /* montserrat_bold.ttf */; };
		14121D242474677F0073814F /* montserrat_light_italic.ttf in Resources */ = {isa = PBXBuildFile; fileRef = 14121CF0247467550073814F /* montserrat_light_italic.ttf */; };
		14121D252474677F0073814F /* montserrat_extra_light.ttf in Resources */ = {isa = PBXBuildFile; fileRef = 14121CF1247467560073814F /* montserrat_extra_light.ttf */; };
		14121D262474677F0073814F /* comfortaa.ttf in Resources */ = {isa = PBXBuildFile; fileRef = 14121CF2247467570073814F /* comfortaa.ttf */; };
		14121D272474677F0073814F /* montserrat_semi_bold_italic.ttf in Resources */ = {isa = PBXBuildFile; fileRef = 14121CF3247467580073814F /* montserrat_semi_bold_italic.ttf */; };
		14121D282474677F0073814F /* martel_sans_light.ttf in Resources */ = {isa = PBXBuildFile; fileRef = 14121CF4247467590073814F /* martel_sans_light.ttf */; };
		14121D292474677F0073814F /* comfortaa_semi_bold.ttf in Resources */ = {isa = PBXBuildFile; fileRef = 14121CF52474675A0073814F /* comfortaa_semi_bold.ttf */; };
		14121D2A2474677F0073814F /* montserrat_black.ttf in Resources */ = {isa = PBXBuildFile; fileRef = 14121CF62474675B0073814F /* montserrat_black.ttf */; };
		14121D2B2474677F0073814F /* montserrat_medium_italic.ttf in Resources */ = {isa = PBXBuildFile; fileRef = 14121CF72474675C0073814F /* montserrat_medium_italic.ttf */; };
		14121D2C2474677F0073814F /* roboto_black_italic.ttf in Resources */ = {isa = PBXBuildFile; fileRef = 14121CF82474675D0073814F /* roboto_black_italic.ttf */; };
		14121D2D2474677F0073814F /* roboto_bold_italic.ttf in Resources */ = {isa = PBXBuildFile; fileRef = 14121CF92474675E0073814F /* roboto_bold_italic.ttf */; };
		14121D2E2474677F0073814F /* roboto_condensed_regular_italic.ttf in Resources */ = {isa = PBXBuildFile; fileRef = 14121CFA2474675F0073814F /* roboto_condensed_regular_italic.ttf */; };
		14121D2F2474677F0073814F /* lato.ttf in Resources */ = {isa = PBXBuildFile; fileRef = 14121CFB247467600073814F /* lato.ttf */; };
		14121D302474677F0073814F /* montserrat_medium.ttf in Resources */ = {isa = PBXBuildFile; fileRef = 14121CFC247467610073814F /* montserrat_medium.ttf */; };
		14121D312474677F0073814F /* roboto_bold.ttf in Resources */ = {isa = PBXBuildFile; fileRef = 14121CFD247467620073814F /* roboto_bold.ttf */; };
		14121D342474677F0073814F /* roboto_condensed_regular.ttf in Resources */ = {isa = PBXBuildFile; fileRef = 14121D00247467650073814F /* roboto_condensed_regular.ttf */; };
		14121D352474677F0073814F /* comfortaa_bold.ttf in Resources */ = {isa = PBXBuildFile; fileRef = 14121D01247467660073814F /* comfortaa_bold.ttf */; };
		14121D362474677F0073814F /* montserrat_bold_italic.ttf in Resources */ = {isa = PBXBuildFile; fileRef = 14121D02247467670073814F /* montserrat_bold_italic.ttf */; };
		14121D372474677F0073814F /* montserrat_thin.ttf in Resources */ = {isa = PBXBuildFile; fileRef = 14121D03247467680073814F /* montserrat_thin.ttf */; };
		14121D382474677F0073814F /* montserrat_semi_bold.ttf in Resources */ = {isa = PBXBuildFile; fileRef = 14121D04247467690073814F /* montserrat_semi_bold.ttf */; };
		14121D392474677F0073814F /* martel_sans_extralight.ttf in Resources */ = {isa = PBXBuildFile; fileRef = 14121D052474676A0073814F /* martel_sans_extralight.ttf */; };
		14121D3A2474677F0073814F /* montserrat_alternates.ttf in Resources */ = {isa = PBXBuildFile; fileRef = 14121D062474676B0073814F /* montserrat_alternates.ttf */; };
		14121D3B2474677F0073814F /* comfortaa_light.ttf in Resources */ = {isa = PBXBuildFile; fileRef = 14121D072474676C0073814F /* comfortaa_light.ttf */; };
		14121D3C2474677F0073814F /* roboto_medium.ttf in Resources */ = {isa = PBXBuildFile; fileRef = 14121D082474676D0073814F /* roboto_medium.ttf */; };
		14121D3D2474677F0073814F /* jost.ttf in Resources */ = {isa = PBXBuildFile; fileRef = 14121D092474676E0073814F /* jost.ttf */; };
		14121D3E2474677F0073814F /* roboto_light.ttf in Resources */ = {isa = PBXBuildFile; fileRef = 14121D0A2474676F0073814F /* roboto_light.ttf */; };
		14121D3F2474677F0073814F /* montserrat_black_italic.ttf in Resources */ = {isa = PBXBuildFile; fileRef = 14121D0B247467700073814F /* montserrat_black_italic.ttf */; };
		14121D402474677F0073814F /* happy_monkey.ttf in Resources */ = {isa = PBXBuildFile; fileRef = 14121D0C247467710073814F /* happy_monkey.ttf */; };
		14121D412474677F0073814F /* roboto_italic.ttf in Resources */ = {isa = PBXBuildFile; fileRef = 14121D0D247467720073814F /* roboto_italic.ttf */; };
		14121D422474677F0073814F /* montserrat_thin_italic.ttf in Resources */ = {isa = PBXBuildFile; fileRef = 14121D0E247467730073814F /* montserrat_thin_italic.ttf */; };
		14121D432474677F0073814F /* martel_sans_semibold.ttf in Resources */ = {isa = PBXBuildFile; fileRef = 14121D0F247467740073814F /* martel_sans_semibold.ttf */; };
		14121D442474677F0073814F /* metamorphous.ttf in Resources */ = {isa = PBXBuildFile; fileRef = 14121D10247467750073814F /* metamorphous.ttf */; };
		14121D452474677F0073814F /* montserrat_italic.ttf in Resources */ = {isa = PBXBuildFile; fileRef = 14121D11247467760073814F /* montserrat_italic.ttf */; };
		14121D462474677F0073814F /* montserrat_extra_bold.ttf in Resources */ = {isa = PBXBuildFile; fileRef = 14121D12247467770073814F /* montserrat_extra_bold.ttf */; };
		14121D472474677F0073814F /* montserrat_regular.ttf in Resources */ = {isa = PBXBuildFile; fileRef = 14121D13247467780073814F /* montserrat_regular.ttf */; };
		14121D482474677F0073814F /* roboto_black.ttf in Resources */ = {isa = PBXBuildFile; fileRef = 14121D14247467790073814F /* roboto_black.ttf */; };
		14121D492474677F0073814F /* roboto_light_italic.ttf in Resources */ = {isa = PBXBuildFile; fileRef = 14121D152474677A0073814F /* roboto_light_italic.ttf */; };
		14121D4A2474677F0073814F /* roboto.ttf in Resources */ = {isa = PBXBuildFile; fileRef = 14121D162474677B0073814F /* roboto.ttf */; };
		14121D4B2474677F0073814F /* comfortaa_medium.ttf in Resources */ = {isa = PBXBuildFile; fileRef = 14121D172474677C0073814F /* comfortaa_medium.ttf */; };
		14121D4C2474677F0073814F /* montserrat_extra_light_italic.ttf in Resources */ = {isa = PBXBuildFile; fileRef = 14121D182474677D0073814F /* montserrat_extra_light_italic.ttf */; };
		14121D4D2474677F0073814F /* inconsolata_expanded.ttf in Resources */ = {isa = PBXBuildFile; fileRef = 14121D192474677E0073814F /* inconsolata_expanded.ttf */; };
		14121D4E2474677F0073814F /* montserrat_extra_bold_italic.ttf in Resources */ = {isa = PBXBuildFile; fileRef = 14121D1A2474677F0073814F /* montserrat_extra_bold_italic.ttf */; };
		14121D5024746EC20073814F /* Base.swift in Sources */ = {isa = PBXBuildFile; fileRef = 14121D4F24746EC20073814F /* Base.swift */; };
		14121D52247471FF0073814F /* Version.swift in Sources */ = {isa = PBXBuildFile; fileRef = 14121D51247471FF0073814F /* Version.swift */; };
		14121D54247479EC0073814F /* Testament.swift in Sources */ = {isa = PBXBuildFile; fileRef = 14121D53247479EC0073814F /* Testament.swift */; };
		14121D5624747A4D0073814F /* BaseName.swift in Sources */ = {isa = PBXBuildFile; fileRef = 14121D5524747A4D0073814F /* BaseName.swift */; };
		14121D5824747B6A0073814F /* AudioSpeed.swift in Sources */ = {isa = PBXBuildFile; fileRef = 14121D5724747B6A0073814F /* AudioSpeed.swift */; };
		14121D5A24747BB20073814F /* Book.swift in Sources */ = {isa = PBXBuildFile; fileRef = 14121D5924747BB20073814F /* Book.swift */; };
		14121D5C2474804E0073814F /* Bookmark.swift in Sources */ = {isa = PBXBuildFile; fileRef = 14121D5B2474804E0073814F /* Bookmark.swift */; };
		14121D5E247486600073814F /* Chapter.swift in Sources */ = {isa = PBXBuildFile; fileRef = 14121D5D247486600073814F /* Chapter.swift */; };
		14121D60247488060073814F /* Verse.swift in Sources */ = {isa = PBXBuildFile; fileRef = 14121D5F247488060073814F /* Verse.swift */; };
		14121D6324750F0D0073814F /* Date+Extensions.swift in Sources */ = {isa = PBXBuildFile; fileRef = 14121D6224750F0D0073814F /* Date+Extensions.swift */; };
		14121D65247515220073814F /* FontStyle.swift in Sources */ = {isa = PBXBuildFile; fileRef = 14121D64247515220073814F /* FontStyle.swift */; };
		14121D672475154D0073814F /* Highlight.swift in Sources */ = {isa = PBXBuildFile; fileRef = 14121D662475154D0073814F /* Highlight.swift */; };
		14121D69247516520073814F /* HighlightColor.swift in Sources */ = {isa = PBXBuildFile; fileRef = 14121D68247516520073814F /* HighlightColor.swift */; };
		14121D6B247517110073814F /* History.swift in Sources */ = {isa = PBXBuildFile; fileRef = 14121D6A247517110073814F /* History.swift */; };
		14121D6D2475247B0073814F /* Note.swift in Sources */ = {isa = PBXBuildFile; fileRef = 14121D6C2475247B0073814F /* Note.swift */; };
		14121D6F24752B9A0073814F /* Other.swift in Sources */ = {isa = PBXBuildFile; fileRef = 14121D6E24752B990073814F /* Other.swift */; };
		14121D7124752C3A0073814F /* RecentSearch.swift in Sources */ = {isa = PBXBuildFile; fileRef = 14121D7024752C3A0073814F /* RecentSearch.swift */; };
		14121D7324752C8E0073814F /* Setting.swift in Sources */ = {isa = PBXBuildFile; fileRef = 14121D7224752C8E0073814F /* Setting.swift */; };
		14121D7524752DBC0073814F /* Theme.swift in Sources */ = {isa = PBXBuildFile; fileRef = 14121D7424752DBC0073814F /* Theme.swift */; };
		14121D7724752DE10073814F /* TivBibleData.swift in Sources */ = {isa = PBXBuildFile; fileRef = 14121D7624752DE10073814F /* TivBibleData.swift */; };
		14121D7A2475B41D0073814F /* IAudioSpeedDataSource.swift in Sources */ = {isa = PBXBuildFile; fileRef = 14121D792475B41D0073814F /* IAudioSpeedDataSource.swift */; };
		14121D7C2475B43B0073814F /* AudioSpeedDataSourceImpl.swift in Sources */ = {isa = PBXBuildFile; fileRef = 14121D7B2475B43B0073814F /* AudioSpeedDataSourceImpl.swift */; };
		14121D7F2475E89A0073814F /* Rx+Extensions.swift in Sources */ = {isa = PBXBuildFile; fileRef = 14121D7E2475E89A0073814F /* Rx+Extensions.swift */; };
		14121D8224766EB60073814F /* IBookDataSource.swift in Sources */ = {isa = PBXBuildFile; fileRef = 14121D8124766EB60073814F /* IBookDataSource.swift */; };
		14121D842476700C0073814F /* BookDataSourceImpl.swift in Sources */ = {isa = PBXBuildFile; fileRef = 14121D832476700C0073814F /* BookDataSourceImpl.swift */; };
		14121D87247683A60073814F /* IBookmarkDataSource.swift in Sources */ = {isa = PBXBuildFile; fileRef = 14121D86247683A60073814F /* IBookmarkDataSource.swift */; };
		14121D89247683D00073814F /* BookmarkDataSourceImpl.swift in Sources */ = {isa = PBXBuildFile; fileRef = 14121D88247683D00073814F /* BookmarkDataSourceImpl.swift */; };
		14121D8C2476AAF50073814F /* IChapterDataSource.swift in Sources */ = {isa = PBXBuildFile; fileRef = 14121D8B2476AAF50073814F /* IChapterDataSource.swift */; };
		14121D8E2476B0780073814F /* ChapterDataSourceImpl.swift in Sources */ = {isa = PBXBuildFile; fileRef = 14121D8D2476B0780073814F /* ChapterDataSourceImpl.swift */; };
		14121D912476CAA20073814F /* IFontStyleDataSource.swift in Sources */ = {isa = PBXBuildFile; fileRef = 14121D902476CAA20073814F /* IFontStyleDataSource.swift */; };
		14121D932476CBAF0073814F /* FontStyleDataSourceImpl.swift in Sources */ = {isa = PBXBuildFile; fileRef = 14121D922476CBAF0073814F /* FontStyleDataSourceImpl.swift */; };
		14121D962476CD030073814F /* IHighlightColorDataSource.swift in Sources */ = {isa = PBXBuildFile; fileRef = 14121D952476CD030073814F /* IHighlightColorDataSource.swift */; };
		14121D982476CD110073814F /* HighlightColorDataSourceImpl.swift in Sources */ = {isa = PBXBuildFile; fileRef = 14121D972476CD110073814F /* HighlightColorDataSourceImpl.swift */; };
		14121D9B2476CE4E0073814F /* IHighlightDataSource.swift in Sources */ = {isa = PBXBuildFile; fileRef = 14121D9A2476CE4E0073814F /* IHighlightDataSource.swift */; };
		14121D9D2476CE6D0073814F /* HighlightDataSourceImpl.swift in Sources */ = {isa = PBXBuildFile; fileRef = 14121D9C2476CE6D0073814F /* HighlightDataSourceImpl.swift */; };
		14121DA02476D36E0073814F /* IHistoryDataSource.swift in Sources */ = {isa = PBXBuildFile; fileRef = 14121D9F2476D36E0073814F /* IHistoryDataSource.swift */; };
		14121DA22476D38E0073814F /* HistoryDataSourceImpl.swift in Sources */ = {isa = PBXBuildFile; fileRef = 14121DA12476D38E0073814F /* HistoryDataSourceImpl.swift */; };
		14121DA52476D6C50073814F /* INoteDataSource.swift in Sources */ = {isa = PBXBuildFile; fileRef = 14121DA42476D6C50073814F /* INoteDataSource.swift */; };
		14121DA72476D6E40073814F /* NoteDataSourceImpl.swift in Sources */ = {isa = PBXBuildFile; fileRef = 14121DA62476D6E40073814F /* NoteDataSourceImpl.swift */; };
		14121DAA2476FAF30073814F /* IOtherDataSource.swift in Sources */ = {isa = PBXBuildFile; fileRef = 14121DA92476FAF30073814F /* IOtherDataSource.swift */; };
		14121DAC2476FB220073814F /* OtherDataSourceImpl.swift in Sources */ = {isa = PBXBuildFile; fileRef = 14121DAB2476FB220073814F /* OtherDataSourceImpl.swift */; };
		14121DAF247709020073814F /* IRecentSearchDataSource.swift in Sources */ = {isa = PBXBuildFile; fileRef = 14121DAE247709020073814F /* IRecentSearchDataSource.swift */; };
		14121DB12477091A0073814F /* RecentSearchDataSourceImpl.swift in Sources */ = {isa = PBXBuildFile; fileRef = 14121DB02477091A0073814F /* RecentSearchDataSourceImpl.swift */; };
		14121DB424770A1F0073814F /* ISettingDataSource.swift in Sources */ = {isa = PBXBuildFile; fileRef = 14121DB324770A1F0073814F /* ISettingDataSource.swift */; };
		14121DB624770A3D0073814F /* SettingDataSourceImpl.swift in Sources */ = {isa = PBXBuildFile; fileRef = 14121DB524770A3D0073814F /* SettingDataSourceImpl.swift */; };
		14121DB924770E6F0073814F /* ITestamentDataSource.swift in Sources */ = {isa = PBXBuildFile; fileRef = 14121DB824770E6F0073814F /* ITestamentDataSource.swift */; };
		14121DBB24770E950073814F /* TestamentDataSourceImpl.swift in Sources */ = {isa = PBXBuildFile; fileRef = 14121DBA24770E950073814F /* TestamentDataSourceImpl.swift */; };
		14121DBE247710F20073814F /* IThemeDataSource.swift in Sources */ = {isa = PBXBuildFile; fileRef = 14121DBD247710F20073814F /* IThemeDataSource.swift */; };
		14121DC0247711210073814F /* ThemeDataSourceImpl.swift in Sources */ = {isa = PBXBuildFile; fileRef = 14121DBF247711210073814F /* ThemeDataSourceImpl.swift */; };
		14121DC32477128A0073814F /* IVerseDataSource.swift in Sources */ = {isa = PBXBuildFile; fileRef = 14121DC22477128A0073814F /* IVerseDataSource.swift */; };
		14121DC5247712A40073814F /* VerseDataSourceImpl.swift in Sources */ = {isa = PBXBuildFile; fileRef = 14121DC4247712A40073814F /* VerseDataSourceImpl.swift */; };
		14121DC8247717B90073814F /* IVersionDataSource.swift in Sources */ = {isa = PBXBuildFile; fileRef = 14121DC7247717B90073814F /* IVersionDataSource.swift */; };
		14121DCA247717D70073814F /* VersionDataSourceImpl.swift in Sources */ = {isa = PBXBuildFile; fileRef = 14121DC9247717D70073814F /* VersionDataSourceImpl.swift */; };
		14121DCD247719B90073814F /* IAudioSpeedRepo.swift in Sources */ = {isa = PBXBuildFile; fileRef = 14121DCC247719B90073814F /* IAudioSpeedRepo.swift */; };
		14121DCF247719E20073814F /* AudioSpeedRepoImpl.swift in Sources */ = {isa = PBXBuildFile; fileRef = 14121DCE247719E20073814F /* AudioSpeedRepoImpl.swift */; };
		14377BF4246DE214005B0795 /* AppDelegate.swift in Sources */ = {isa = PBXBuildFile; fileRef = 14377BF3246DE214005B0795 /* AppDelegate.swift */; };
		14377BF6246DE214005B0795 /* SceneDelegate.swift in Sources */ = {isa = PBXBuildFile; fileRef = 14377BF5246DE214005B0795 /* SceneDelegate.swift */; };
		14377BF8246DE214005B0795 /* ViewController.swift in Sources */ = {isa = PBXBuildFile; fileRef = 14377BF7246DE214005B0795 /* ViewController.swift */; };
		14377BFB246DE214005B0795 /* Main.storyboard in Resources */ = {isa = PBXBuildFile; fileRef = 14377BF9246DE214005B0795 /* Main.storyboard */; };
		14377BFD246DE218005B0795 /* Assets.xcassets in Resources */ = {isa = PBXBuildFile; fileRef = 14377BFC246DE218005B0795 /* Assets.xcassets */; };
		14377C00246DE218005B0795 /* LaunchScreen.storyboard in Resources */ = {isa = PBXBuildFile; fileRef = 14377BFE246DE218005B0795 /* LaunchScreen.storyboard */; };
		14377C0B246DE218005B0795 /* Tiv_BibleTests.swift in Sources */ = {isa = PBXBuildFile; fileRef = 14377C0A246DE218005B0795 /* Tiv_BibleTests.swift */; };
		14377C16246DE218005B0795 /* Tiv_BibleUITests.swift in Sources */ = {isa = PBXBuildFile; fileRef = 14377C15246DE218005B0795 /* Tiv_BibleUITests.swift */; };
		1E04978FA0BC2747FEF5DE26 /* Pods_Tiv_Bible_Tiv_BibleUITests.framework in Frameworks */ = {isa = PBXBuildFile; fileRef = 313FE4C6C52C2C75C944FE96 /* Pods_Tiv_Bible_Tiv_BibleUITests.framework */; };
		E4D75BE7DA206226FCD4DCE1 /* Pods_Tiv_Bible.framework in Frameworks */ = {isa = PBXBuildFile; fileRef = 3B3884A3AC6C6A9D8CA50103 /* Pods_Tiv_Bible.framework */; };
/* End PBXBuildFile section */

/* Begin PBXContainerItemProxy section */
		14377C07246DE218005B0795 /* PBXContainerItemProxy */ = {
			isa = PBXContainerItemProxy;
			containerPortal = 14377BE8246DE214005B0795 /* Project object */;
			proxyType = 1;
			remoteGlobalIDString = 14377BEF246DE214005B0795;
			remoteInfo = "Tiv Bible";
		};
		14377C12246DE218005B0795 /* PBXContainerItemProxy */ = {
			isa = PBXContainerItemProxy;
			containerPortal = 14377BE8246DE214005B0795 /* Project object */;
			proxyType = 1;
			remoteGlobalIDString = 14377BEF246DE214005B0795;
			remoteInfo = "Tiv Bible";
		};
/* End PBXContainerItemProxy section */

/* Begin PBXFileReference section */
		14121CE72474674B0073814F /* montserrat_alternates_bold.ttf */ = {isa = PBXFileReference; lastKnownFileType = file; path = montserrat_alternates_bold.ttf; sourceTree = "<group>"; };
		14121CE82474674C0073814F /* lobster.ttf */ = {isa = PBXFileReference; lastKnownFileType = file; path = lobster.ttf; sourceTree = "<group>"; };
		14121CE92474674D0073814F /* indie_flower.ttf */ = {isa = PBXFileReference; lastKnownFileType = file; path = indie_flower.ttf; sourceTree = "<group>"; };
		14121CEA2474674E0073814F /* montserrat_light.ttf */ = {isa = PBXFileReference; lastKnownFileType = file; path = montserrat_light.ttf; sourceTree = "<group>"; };
		14121CEB247467500073814F /* roboto_medium_italic.ttf */ = {isa = PBXFileReference; lastKnownFileType = file; path = roboto_medium_italic.ttf; sourceTree = "<group>"; };
		14121CEC247467510073814F /* montserrat.ttf */ = {isa = PBXFileReference; lastKnownFileType = file; path = montserrat.ttf; sourceTree = "<group>"; };
		14121CED247467520073814F /* amatic_sc.ttf */ = {isa = PBXFileReference; lastKnownFileType = file; path = amatic_sc.ttf; sourceTree = "<group>"; };
		14121CEE247467530073814F /* montserrat_bold.ttf */ = {isa = PBXFileReference; lastKnownFileType = file; path = montserrat_bold.ttf; sourceTree = "<group>"; };
		14121CF0247467550073814F /* montserrat_light_italic.ttf */ = {isa = PBXFileReference; lastKnownFileType = file; path = montserrat_light_italic.ttf; sourceTree = "<group>"; };
		14121CF1247467560073814F /* montserrat_extra_light.ttf */ = {isa = PBXFileReference; lastKnownFileType = file; path = montserrat_extra_light.ttf; sourceTree = "<group>"; };
		14121CF2247467570073814F /* comfortaa.ttf */ = {isa = PBXFileReference; lastKnownFileType = file; path = comfortaa.ttf; sourceTree = "<group>"; };
		14121CF3247467580073814F /* montserrat_semi_bold_italic.ttf */ = {isa = PBXFileReference; lastKnownFileType = file; path = montserrat_semi_bold_italic.ttf; sourceTree = "<group>"; };
		14121CF4247467590073814F /* martel_sans_light.ttf */ = {isa = PBXFileReference; lastKnownFileType = file; path = martel_sans_light.ttf; sourceTree = "<group>"; };
		14121CF52474675A0073814F /* comfortaa_semi_bold.ttf */ = {isa = PBXFileReference; lastKnownFileType = file; path = comfortaa_semi_bold.ttf; sourceTree = "<group>"; };
		14121CF62474675B0073814F /* montserrat_black.ttf */ = {isa = PBXFileReference; lastKnownFileType = file; path = montserrat_black.ttf; sourceTree = "<group>"; };
		14121CF72474675C0073814F /* montserrat_medium_italic.ttf */ = {isa = PBXFileReference; lastKnownFileType = file; path = montserrat_medium_italic.ttf; sourceTree = "<group>"; };
		14121CF82474675D0073814F /* roboto_black_italic.ttf */ = {isa = PBXFileReference; lastKnownFileType = file; path = roboto_black_italic.ttf; sourceTree = "<group>"; };
		14121CF92474675E0073814F /* roboto_bold_italic.ttf */ = {isa = PBXFileReference; lastKnownFileType = file; path = roboto_bold_italic.ttf; sourceTree = "<group>"; };
		14121CFA2474675F0073814F /* roboto_condensed_regular_italic.ttf */ = {isa = PBXFileReference; lastKnownFileType = file; path = roboto_condensed_regular_italic.ttf; sourceTree = "<group>"; };
		14121CFB247467600073814F /* lato.ttf */ = {isa = PBXFileReference; lastKnownFileType = file; path = lato.ttf; sourceTree = "<group>"; };
		14121CFC247467610073814F /* montserrat_medium.ttf */ = {isa = PBXFileReference; lastKnownFileType = file; path = montserrat_medium.ttf; sourceTree = "<group>"; };
		14121CFD247467620073814F /* roboto_bold.ttf */ = {isa = PBXFileReference; lastKnownFileType = file; path = roboto_bold.ttf; sourceTree = "<group>"; };
		14121D00247467650073814F /* roboto_condensed_regular.ttf */ = {isa = PBXFileReference; lastKnownFileType = file; path = roboto_condensed_regular.ttf; sourceTree = "<group>"; };
		14121D01247467660073814F /* comfortaa_bold.ttf */ = {isa = PBXFileReference; lastKnownFileType = file; path = comfortaa_bold.ttf; sourceTree = "<group>"; };
		14121D02247467670073814F /* montserrat_bold_italic.ttf */ = {isa = PBXFileReference; lastKnownFileType = file; path = montserrat_bold_italic.ttf; sourceTree = "<group>"; };
		14121D03247467680073814F /* montserrat_thin.ttf */ = {isa = PBXFileReference; lastKnownFileType = file; path = montserrat_thin.ttf; sourceTree = "<group>"; };
		14121D04247467690073814F /* montserrat_semi_bold.ttf */ = {isa = PBXFileReference; lastKnownFileType = file; path = montserrat_semi_bold.ttf; sourceTree = "<group>"; };
		14121D052474676A0073814F /* martel_sans_extralight.ttf */ = {isa = PBXFileReference; lastKnownFileType = file; path = martel_sans_extralight.ttf; sourceTree = "<group>"; };
		14121D062474676B0073814F /* montserrat_alternates.ttf */ = {isa = PBXFileReference; lastKnownFileType = file; path = montserrat_alternates.ttf; sourceTree = "<group>"; };
		14121D072474676C0073814F /* comfortaa_light.ttf */ = {isa = PBXFileReference; lastKnownFileType = file; path = comfortaa_light.ttf; sourceTree = "<group>"; };
		14121D082474676D0073814F /* roboto_medium.ttf */ = {isa = PBXFileReference; lastKnownFileType = file; path = roboto_medium.ttf; sourceTree = "<group>"; };
		14121D092474676E0073814F /* jost.ttf */ = {isa = PBXFileReference; lastKnownFileType = file; path = jost.ttf; sourceTree = "<group>"; };
		14121D0A2474676F0073814F /* roboto_light.ttf */ = {isa = PBXFileReference; lastKnownFileType = file; path = roboto_light.ttf; sourceTree = "<group>"; };
		14121D0B247467700073814F /* montserrat_black_italic.ttf */ = {isa = PBXFileReference; lastKnownFileType = file; path = montserrat_black_italic.ttf; sourceTree = "<group>"; };
		14121D0C247467710073814F /* happy_monkey.ttf */ = {isa = PBXFileReference; lastKnownFileType = file; path = happy_monkey.ttf; sourceTree = "<group>"; };
		14121D0D247467720073814F /* roboto_italic.ttf */ = {isa = PBXFileReference; lastKnownFileType = file; path = roboto_italic.ttf; sourceTree = "<group>"; };
		14121D0E247467730073814F /* montserrat_thin_italic.ttf */ = {isa = PBXFileReference; lastKnownFileType = file; path = montserrat_thin_italic.ttf; sourceTree = "<group>"; };
		14121D0F247467740073814F /* martel_sans_semibold.ttf */ = {isa = PBXFileReference; lastKnownFileType = file; path = martel_sans_semibold.ttf; sourceTree = "<group>"; };
		14121D10247467750073814F /* metamorphous.ttf */ = {isa = PBXFileReference; lastKnownFileType = file; path = metamorphous.ttf; sourceTree = "<group>"; };
		14121D11247467760073814F /* montserrat_italic.ttf */ = {isa = PBXFileReference; lastKnownFileType = file; path = montserrat_italic.ttf; sourceTree = "<group>"; };
		14121D12247467770073814F /* montserrat_extra_bold.ttf */ = {isa = PBXFileReference; lastKnownFileType = file; path = montserrat_extra_bold.ttf; sourceTree = "<group>"; };
		14121D13247467780073814F /* montserrat_regular.ttf */ = {isa = PBXFileReference; lastKnownFileType = file; path = montserrat_regular.ttf; sourceTree = "<group>"; };
		14121D14247467790073814F /* roboto_black.ttf */ = {isa = PBXFileReference; lastKnownFileType = file; path = roboto_black.ttf; sourceTree = "<group>"; };
		14121D152474677A0073814F /* roboto_light_italic.ttf */ = {isa = PBXFileReference; lastKnownFileType = file; path = roboto_light_italic.ttf; sourceTree = "<group>"; };
		14121D162474677B0073814F /* roboto.ttf */ = {isa = PBXFileReference; lastKnownFileType = file; path = roboto.ttf; sourceTree = "<group>"; };
		14121D172474677C0073814F /* comfortaa_medium.ttf */ = {isa = PBXFileReference; lastKnownFileType = file; path = comfortaa_medium.ttf; sourceTree = "<group>"; };
		14121D182474677D0073814F /* montserrat_extra_light_italic.ttf */ = {isa = PBXFileReference; lastKnownFileType = file; path = montserrat_extra_light_italic.ttf; sourceTree = "<group>"; };
		14121D192474677E0073814F /* inconsolata_expanded.ttf */ = {isa = PBXFileReference; lastKnownFileType = file; path = inconsolata_expanded.ttf; sourceTree = "<group>"; };
		14121D1A2474677F0073814F /* montserrat_extra_bold_italic.ttf */ = {isa = PBXFileReference; lastKnownFileType = file; path = montserrat_extra_bold_italic.ttf; sourceTree = "<group>"; };
		14121D4F24746EC20073814F /* Base.swift */ = {isa = PBXFileReference; lastKnownFileType = sourcecode.swift; path = Base.swift; sourceTree = "<group>"; };
		14121D51247471FF0073814F /* Version.swift */ = {isa = PBXFileReference; lastKnownFileType = sourcecode.swift; path = Version.swift; sourceTree = "<group>"; };
		14121D53247479EC0073814F /* Testament.swift */ = {isa = PBXFileReference; lastKnownFileType = sourcecode.swift; path = Testament.swift; sourceTree = "<group>"; };
		14121D5524747A4D0073814F /* BaseName.swift */ = {isa = PBXFileReference; lastKnownFileType = sourcecode.swift; path = BaseName.swift; sourceTree = "<group>"; };
		14121D5724747B6A0073814F /* AudioSpeed.swift */ = {isa = PBXFileReference; lastKnownFileType = sourcecode.swift; path = AudioSpeed.swift; sourceTree = "<group>"; };
		14121D5924747BB20073814F /* Book.swift */ = {isa = PBXFileReference; lastKnownFileType = sourcecode.swift; path = Book.swift; sourceTree = "<group>"; };
		14121D5B2474804E0073814F /* Bookmark.swift */ = {isa = PBXFileReference; lastKnownFileType = sourcecode.swift; path = Bookmark.swift; sourceTree = "<group>"; };
		14121D5D247486600073814F /* Chapter.swift */ = {isa = PBXFileReference; lastKnownFileType = sourcecode.swift; path = Chapter.swift; sourceTree = "<group>"; };
		14121D5F247488060073814F /* Verse.swift */ = {isa = PBXFileReference; lastKnownFileType = sourcecode.swift; path = Verse.swift; sourceTree = "<group>"; };
		14121D6224750F0D0073814F /* Date+Extensions.swift */ = {isa = PBXFileReference; lastKnownFileType = sourcecode.swift; path = "Date+Extensions.swift"; sourceTree = "<group>"; };
		14121D64247515220073814F /* FontStyle.swift */ = {isa = PBXFileReference; lastKnownFileType = sourcecode.swift; path = FontStyle.swift; sourceTree = "<group>"; };
		14121D662475154D0073814F /* Highlight.swift */ = {isa = PBXFileReference; lastKnownFileType = sourcecode.swift; path = Highlight.swift; sourceTree = "<group>"; };
		14121D68247516520073814F /* HighlightColor.swift */ = {isa = PBXFileReference; lastKnownFileType = sourcecode.swift; path = HighlightColor.swift; sourceTree = "<group>"; };
		14121D6A247517110073814F /* History.swift */ = {isa = PBXFileReference; lastKnownFileType = sourcecode.swift; path = History.swift; sourceTree = "<group>"; };
		14121D6C2475247B0073814F /* Note.swift */ = {isa = PBXFileReference; lastKnownFileType = sourcecode.swift; path = Note.swift; sourceTree = "<group>"; };
		14121D6E24752B990073814F /* Other.swift */ = {isa = PBXFileReference; lastKnownFileType = sourcecode.swift; path = Other.swift; sourceTree = "<group>"; };
		14121D7024752C3A0073814F /* RecentSearch.swift */ = {isa = PBXFileReference; lastKnownFileType = sourcecode.swift; path = RecentSearch.swift; sourceTree = "<group>"; };
		14121D7224752C8E0073814F /* Setting.swift */ = {isa = PBXFileReference; lastKnownFileType = sourcecode.swift; path = Setting.swift; sourceTree = "<group>"; };
		14121D7424752DBC0073814F /* Theme.swift */ = {isa = PBXFileReference; lastKnownFileType = sourcecode.swift; path = Theme.swift; sourceTree = "<group>"; };
		14121D7624752DE10073814F /* TivBibleData.swift */ = {isa = PBXFileReference; lastKnownFileType = sourcecode.swift; path = TivBibleData.swift; sourceTree = "<group>"; };
		14121D792475B41D0073814F /* IAudioSpeedDataSource.swift */ = {isa = PBXFileReference; lastKnownFileType = sourcecode.swift; path = IAudioSpeedDataSource.swift; sourceTree = "<group>"; };
		14121D7B2475B43B0073814F /* AudioSpeedDataSourceImpl.swift */ = {isa = PBXFileReference; lastKnownFileType = sourcecode.swift; path = AudioSpeedDataSourceImpl.swift; sourceTree = "<group>"; };
		14121D7E2475E89A0073814F /* Rx+Extensions.swift */ = {isa = PBXFileReference; lastKnownFileType = sourcecode.swift; path = "Rx+Extensions.swift"; sourceTree = "<group>"; };
		14121D8124766EB60073814F /* IBookDataSource.swift */ = {isa = PBXFileReference; lastKnownFileType = sourcecode.swift; path = IBookDataSource.swift; sourceTree = "<group>"; };
		14121D832476700C0073814F /* BookDataSourceImpl.swift */ = {isa = PBXFileReference; lastKnownFileType = sourcecode.swift; path = BookDataSourceImpl.swift; sourceTree = "<group>"; };
		14121D86247683A60073814F /* IBookmarkDataSource.swift */ = {isa = PBXFileReference; lastKnownFileType = sourcecode.swift; path = IBookmarkDataSource.swift; sourceTree = "<group>"; };
		14121D88247683D00073814F /* BookmarkDataSourceImpl.swift */ = {isa = PBXFileReference; lastKnownFileType = sourcecode.swift; path = BookmarkDataSourceImpl.swift; sourceTree = "<group>"; };
		14121D8B2476AAF50073814F /* IChapterDataSource.swift */ = {isa = PBXFileReference; lastKnownFileType = sourcecode.swift; path = IChapterDataSource.swift; sourceTree = "<group>"; };
		14121D8D2476B0780073814F /* ChapterDataSourceImpl.swift */ = {isa = PBXFileReference; lastKnownFileType = sourcecode.swift; path = ChapterDataSourceImpl.swift; sourceTree = "<group>"; };
		14121D902476CAA20073814F /* IFontStyleDataSource.swift */ = {isa = PBXFileReference; lastKnownFileType = sourcecode.swift; path = IFontStyleDataSource.swift; sourceTree = "<group>"; };
		14121D922476CBAF0073814F /* FontStyleDataSourceImpl.swift */ = {isa = PBXFileReference; lastKnownFileType = sourcecode.swift; path = FontStyleDataSourceImpl.swift; sourceTree = "<group>"; };
		14121D952476CD030073814F /* IHighlightColorDataSource.swift */ = {isa = PBXFileReference; lastKnownFileType = sourcecode.swift; path = IHighlightColorDataSource.swift; sourceTree = "<group>"; };
		14121D972476CD110073814F /* HighlightColorDataSourceImpl.swift */ = {isa = PBXFileReference; lastKnownFileType = sourcecode.swift; path = HighlightColorDataSourceImpl.swift; sourceTree = "<group>"; };
		14121D9A2476CE4E0073814F /* IHighlightDataSource.swift */ = {isa = PBXFileReference; lastKnownFileType = sourcecode.swift; path = IHighlightDataSource.swift; sourceTree = "<group>"; };
		14121D9C2476CE6D0073814F /* HighlightDataSourceImpl.swift */ = {isa = PBXFileReference; lastKnownFileType = sourcecode.swift; path = HighlightDataSourceImpl.swift; sourceTree = "<group>"; };
		14121D9F2476D36E0073814F /* IHistoryDataSource.swift */ = {isa = PBXFileReference; lastKnownFileType = sourcecode.swift; path = IHistoryDataSource.swift; sourceTree = "<group>"; };
		14121DA12476D38E0073814F /* HistoryDataSourceImpl.swift */ = {isa = PBXFileReference; lastKnownFileType = sourcecode.swift; path = HistoryDataSourceImpl.swift; sourceTree = "<group>"; };
		14121DA42476D6C50073814F /* INoteDataSource.swift */ = {isa = PBXFileReference; lastKnownFileType = sourcecode.swift; path = INoteDataSource.swift; sourceTree = "<group>"; };
		14121DA62476D6E40073814F /* NoteDataSourceImpl.swift */ = {isa = PBXFileReference; lastKnownFileType = sourcecode.swift; path = NoteDataSourceImpl.swift; sourceTree = "<group>"; };
		14121DA92476FAF30073814F /* IOtherDataSource.swift */ = {isa = PBXFileReference; lastKnownFileType = sourcecode.swift; path = IOtherDataSource.swift; sourceTree = "<group>"; };
		14121DAB2476FB220073814F /* OtherDataSourceImpl.swift */ = {isa = PBXFileReference; lastKnownFileType = sourcecode.swift; path = OtherDataSourceImpl.swift; sourceTree = "<group>"; };
		14121DAE247709020073814F /* IRecentSearchDataSource.swift */ = {isa = PBXFileReference; lastKnownFileType = sourcecode.swift; path = IRecentSearchDataSource.swift; sourceTree = "<group>"; };
		14121DB02477091A0073814F /* RecentSearchDataSourceImpl.swift */ = {isa = PBXFileReference; lastKnownFileType = sourcecode.swift; path = RecentSearchDataSourceImpl.swift; sourceTree = "<group>"; };
		14121DB324770A1F0073814F /* ISettingDataSource.swift */ = {isa = PBXFileReference; lastKnownFileType = sourcecode.swift; path = ISettingDataSource.swift; sourceTree = "<group>"; };
		14121DB524770A3D0073814F /* SettingDataSourceImpl.swift */ = {isa = PBXFileReference; lastKnownFileType = sourcecode.swift; path = SettingDataSourceImpl.swift; sourceTree = "<group>"; };
		14121DB824770E6F0073814F /* ITestamentDataSource.swift */ = {isa = PBXFileReference; lastKnownFileType = sourcecode.swift; path = ITestamentDataSource.swift; sourceTree = "<group>"; };
		14121DBA24770E950073814F /* TestamentDataSourceImpl.swift */ = {isa = PBXFileReference; lastKnownFileType = sourcecode.swift; path = TestamentDataSourceImpl.swift; sourceTree = "<group>"; };
		14121DBD247710F20073814F /* IThemeDataSource.swift */ = {isa = PBXFileReference; lastKnownFileType = sourcecode.swift; path = IThemeDataSource.swift; sourceTree = "<group>"; };
		14121DBF247711210073814F /* ThemeDataSourceImpl.swift */ = {isa = PBXFileReference; lastKnownFileType = sourcecode.swift; path = ThemeDataSourceImpl.swift; sourceTree = "<group>"; };
		14121DC22477128A0073814F /* IVerseDataSource.swift */ = {isa = PBXFileReference; lastKnownFileType = sourcecode.swift; path = IVerseDataSource.swift; sourceTree = "<group>"; };
		14121DC4247712A40073814F /* VerseDataSourceImpl.swift */ = {isa = PBXFileReference; lastKnownFileType = sourcecode.swift; path = VerseDataSourceImpl.swift; sourceTree = "<group>"; };
		14121DC7247717B90073814F /* IVersionDataSource.swift */ = {isa = PBXFileReference; lastKnownFileType = sourcecode.swift; path = IVersionDataSource.swift; sourceTree = "<group>"; };
		14121DC9247717D70073814F /* VersionDataSourceImpl.swift */ = {isa = PBXFileReference; lastKnownFileType = sourcecode.swift; path = VersionDataSourceImpl.swift; sourceTree = "<group>"; };
		14121DCC247719B90073814F /* IAudioSpeedRepo.swift */ = {isa = PBXFileReference; lastKnownFileType = sourcecode.swift; path = IAudioSpeedRepo.swift; sourceTree = "<group>"; };
		14121DCE247719E20073814F /* AudioSpeedRepoImpl.swift */ = {isa = PBXFileReference; lastKnownFileType = sourcecode.swift; path = AudioSpeedRepoImpl.swift; sourceTree = "<group>"; };
		14377BF0246DE214005B0795 /* Tiv Bible.app */ = {isa = PBXFileReference; explicitFileType = wrapper.application; includeInIndex = 0; path = "Tiv Bible.app"; sourceTree = BUILT_PRODUCTS_DIR; };
		14377BF3246DE214005B0795 /* AppDelegate.swift */ = {isa = PBXFileReference; lastKnownFileType = sourcecode.swift; path = AppDelegate.swift; sourceTree = "<group>"; };
		14377BF5246DE214005B0795 /* SceneDelegate.swift */ = {isa = PBXFileReference; lastKnownFileType = sourcecode.swift; path = SceneDelegate.swift; sourceTree = "<group>"; };
		14377BF7246DE214005B0795 /* ViewController.swift */ = {isa = PBXFileReference; lastKnownFileType = sourcecode.swift; path = ViewController.swift; sourceTree = "<group>"; };
		14377BFA246DE214005B0795 /* Base */ = {isa = PBXFileReference; lastKnownFileType = file.storyboard; name = Base; path = Base.lproj/Main.storyboard; sourceTree = "<group>"; };
		14377BFC246DE218005B0795 /* Assets.xcassets */ = {isa = PBXFileReference; lastKnownFileType = folder.assetcatalog; path = Assets.xcassets; sourceTree = "<group>"; };
		14377BFF246DE218005B0795 /* Base */ = {isa = PBXFileReference; lastKnownFileType = file.storyboard; name = Base; path = Base.lproj/LaunchScreen.storyboard; sourceTree = "<group>"; };
		14377C01246DE218005B0795 /* Info.plist */ = {isa = PBXFileReference; lastKnownFileType = text.plist.xml; path = Info.plist; sourceTree = "<group>"; };
		14377C06246DE218005B0795 /* Tiv BibleTests.xctest */ = {isa = PBXFileReference; explicitFileType = wrapper.cfbundle; includeInIndex = 0; path = "Tiv BibleTests.xctest"; sourceTree = BUILT_PRODUCTS_DIR; };
		14377C0A246DE218005B0795 /* Tiv_BibleTests.swift */ = {isa = PBXFileReference; lastKnownFileType = sourcecode.swift; path = Tiv_BibleTests.swift; sourceTree = "<group>"; };
		14377C0C246DE218005B0795 /* Info.plist */ = {isa = PBXFileReference; lastKnownFileType = text.plist.xml; path = Info.plist; sourceTree = "<group>"; };
		14377C11246DE218005B0795 /* Tiv BibleUITests.xctest */ = {isa = PBXFileReference; explicitFileType = wrapper.cfbundle; includeInIndex = 0; path = "Tiv BibleUITests.xctest"; sourceTree = BUILT_PRODUCTS_DIR; };
		14377C15246DE218005B0795 /* Tiv_BibleUITests.swift */ = {isa = PBXFileReference; lastKnownFileType = sourcecode.swift; path = Tiv_BibleUITests.swift; sourceTree = "<group>"; };
		14377C17246DE218005B0795 /* Info.plist */ = {isa = PBXFileReference; lastKnownFileType = text.plist.xml; path = Info.plist; sourceTree = "<group>"; };
		2A6051955E0881527E3A1B8D /* Pods-Tiv Bible-Tiv BibleUITests.debug.xcconfig */ = {isa = PBXFileReference; includeInIndex = 1; lastKnownFileType = text.xcconfig; name = "Pods-Tiv Bible-Tiv BibleUITests.debug.xcconfig"; path = "Target Support Files/Pods-Tiv Bible-Tiv BibleUITests/Pods-Tiv Bible-Tiv BibleUITests.debug.xcconfig"; sourceTree = "<group>"; };
		313FE4C6C52C2C75C944FE96 /* Pods_Tiv_Bible_Tiv_BibleUITests.framework */ = {isa = PBXFileReference; explicitFileType = wrapper.framework; includeInIndex = 0; path = Pods_Tiv_Bible_Tiv_BibleUITests.framework; sourceTree = BUILT_PRODUCTS_DIR; };
		384FCFA79DF63727CF81789E /* Pods-Tiv BibleTests.release.xcconfig */ = {isa = PBXFileReference; includeInIndex = 1; lastKnownFileType = text.xcconfig; name = "Pods-Tiv BibleTests.release.xcconfig"; path = "Target Support Files/Pods-Tiv BibleTests/Pods-Tiv BibleTests.release.xcconfig"; sourceTree = "<group>"; };
		3B3884A3AC6C6A9D8CA50103 /* Pods_Tiv_Bible.framework */ = {isa = PBXFileReference; explicitFileType = wrapper.framework; includeInIndex = 0; path = Pods_Tiv_Bible.framework; sourceTree = BUILT_PRODUCTS_DIR; };
		75BC5B91C4FEC0F3E36C43B2 /* Pods_Tiv_BibleTests.framework */ = {isa = PBXFileReference; explicitFileType = wrapper.framework; includeInIndex = 0; path = Pods_Tiv_BibleTests.framework; sourceTree = BUILT_PRODUCTS_DIR; };
		91CC8B96D7E99C9149212B85 /* Pods-Tiv Bible.release.xcconfig */ = {isa = PBXFileReference; includeInIndex = 1; lastKnownFileType = text.xcconfig; name = "Pods-Tiv Bible.release.xcconfig"; path = "Target Support Files/Pods-Tiv Bible/Pods-Tiv Bible.release.xcconfig"; sourceTree = "<group>"; };
		B94B4C1B66766ED092D31924 /* Pods-Tiv Bible.debug.xcconfig */ = {isa = PBXFileReference; includeInIndex = 1; lastKnownFileType = text.xcconfig; name = "Pods-Tiv Bible.debug.xcconfig"; path = "Target Support Files/Pods-Tiv Bible/Pods-Tiv Bible.debug.xcconfig"; sourceTree = "<group>"; };
		C4E1299DF500919C3A36F21B /* Pods-Tiv BibleTests.debug.xcconfig */ = {isa = PBXFileReference; includeInIndex = 1; lastKnownFileType = text.xcconfig; name = "Pods-Tiv BibleTests.debug.xcconfig"; path = "Target Support Files/Pods-Tiv BibleTests/Pods-Tiv BibleTests.debug.xcconfig"; sourceTree = "<group>"; };
		F226A7E4528DA93898887B13 /* Pods-Tiv Bible-Tiv BibleUITests.release.xcconfig */ = {isa = PBXFileReference; includeInIndex = 1; lastKnownFileType = text.xcconfig; name = "Pods-Tiv Bible-Tiv BibleUITests.release.xcconfig"; path = "Target Support Files/Pods-Tiv Bible-Tiv BibleUITests/Pods-Tiv Bible-Tiv BibleUITests.release.xcconfig"; sourceTree = "<group>"; };
/* End PBXFileReference section */

/* Begin PBXFrameworksBuildPhase section */
		14377BED246DE214005B0795 /* Frameworks */ = {
			isa = PBXFrameworksBuildPhase;
			buildActionMask = 2147483647;
			files = (
				E4D75BE7DA206226FCD4DCE1 /* Pods_Tiv_Bible.framework in Frameworks */,
			);
			runOnlyForDeploymentPostprocessing = 0;
		};
		14377C03246DE218005B0795 /* Frameworks */ = {
			isa = PBXFrameworksBuildPhase;
			buildActionMask = 2147483647;
			files = (
				076AB2A3C00E14C11FA29C18 /* Pods_Tiv_BibleTests.framework in Frameworks */,
			);
			runOnlyForDeploymentPostprocessing = 0;
		};
		14377C0E246DE218005B0795 /* Frameworks */ = {
			isa = PBXFrameworksBuildPhase;
			buildActionMask = 2147483647;
			files = (
				1E04978FA0BC2747FEF5DE26 /* Pods_Tiv_Bible_Tiv_BibleUITests.framework in Frameworks */,
			);
			runOnlyForDeploymentPostprocessing = 0;
		};
/* End PBXFrameworksBuildPhase section */

/* Begin PBXGroup section */
		02C67FE45E23F9925154169D /* Pods */ = {
			isa = PBXGroup;
			children = (
				B94B4C1B66766ED092D31924 /* Pods-Tiv Bible.debug.xcconfig */,
				91CC8B96D7E99C9149212B85 /* Pods-Tiv Bible.release.xcconfig */,
				2A6051955E0881527E3A1B8D /* Pods-Tiv Bible-Tiv BibleUITests.debug.xcconfig */,
				F226A7E4528DA93898887B13 /* Pods-Tiv Bible-Tiv BibleUITests.release.xcconfig */,
				C4E1299DF500919C3A36F21B /* Pods-Tiv BibleTests.debug.xcconfig */,
				384FCFA79DF63727CF81789E /* Pods-Tiv BibleTests.release.xcconfig */,
			);
			path = Pods;
			sourceTree = "<group>";
		};
		14121C7A2474644F0073814F /* Entities */ = {
			isa = PBXGroup;
			children = (
				14121D4F24746EC20073814F /* Base.swift */,
				14121D51247471FF0073814F /* Version.swift */,
				14121D53247479EC0073814F /* Testament.swift */,
				14121D5524747A4D0073814F /* BaseName.swift */,
				14121D5724747B6A0073814F /* AudioSpeed.swift */,
				14121D5924747BB20073814F /* Book.swift */,
				14121D5B2474804E0073814F /* Bookmark.swift */,
				14121D5D247486600073814F /* Chapter.swift */,
				14121D5F247488060073814F /* Verse.swift */,
				14121D64247515220073814F /* FontStyle.swift */,
				14121D662475154D0073814F /* Highlight.swift */,
				14121D68247516520073814F /* HighlightColor.swift */,
				14121D6A247517110073814F /* History.swift */,
				14121D6C2475247B0073814F /* Note.swift */,
				14121D6E24752B990073814F /* Other.swift */,
				14121D7024752C3A0073814F /* RecentSearch.swift */,
				14121D7224752C8E0073814F /* Setting.swift */,
				14121D7424752DBC0073814F /* Theme.swift */,
				14121D7624752DE10073814F /* TivBibleData.swift */,
			);
			path = Entities;
			sourceTree = "<group>";
		};
		14121C7B247464580073814F /* LocalDataSource */ = {
			isa = PBXGroup;
			children = (
				14121DC6247717A40073814F /* Version */,
				14121DC1247712740073814F /* Verse */,
				14121DBC247710E00073814F /* Theme */,
				14121DB724770E5F0073814F /* Testament */,
				14121DB224770A040073814F /* Setting */,
				14121DAD247708E90073814F /* RecentSearch */,
				14121DA82476FADF0073814F /* Other */,
				14121DA32476D6B10073814F /* Note */,
				14121D9E2476D2E20073814F /* History */,
				14121D992476CE340073814F /* Highlight */,
				14121D942476CCE60073814F /* Highlight Color */,
				14121D8F2476CA900073814F /* Font Style */,
				14121D8A2476AAC00073814F /* Chapter */,
				14121D85247683850073814F /* Bookmark */,
				14121D8024766E890073814F /* Book */,
				14121D782475B3E10073814F /* Audio Speed */,
				14121D7D2475E87D0073814F /* Utils */,
			);
			path = LocalDataSource;
			sourceTree = "<group>";
		};
		14121C7C2474649D0073814F /* Preference */ = {
			isa = PBXGroup;
			children = (
			);
			path = Preference;
			sourceTree = "<group>";
		};
		14121C7D247464AD0073814F /* Repository */ = {
			isa = PBXGroup;
			children = (
				14121DCB247719990073814F /* Audio Speed */,
			);
			path = Repository;
			sourceTree = "<group>";
		};
		14121C7E247464E00073814F /* Features */ = {
			isa = PBXGroup;
			children = (
				14121D6124750EE90073814F /* Utils */,
				14121C83247465740073814F /* Splash */,
				14121C82247465650073814F /* Launch */,
			);
			path = Features;
			sourceTree = "<group>";
		};
		14121C7F247464F10073814F /* DI */ = {
			isa = PBXGroup;
			children = (
			);
			path = DI;
			sourceTree = "<group>";
		};
		14121C80247464F80073814F /* Resources */ = {
			isa = PBXGroup;
			children = (
				14121C84247465900073814F /* Fonts */,
				14377BFC246DE218005B0795 /* Assets.xcassets */,
				14377C01246DE218005B0795 /* Info.plist */,
			);
			path = Resources;
			sourceTree = "<group>";
		};
		14121C81247465070073814F /* App Files */ = {
			isa = PBXGroup;
			children = (
				14377BF3246DE214005B0795 /* AppDelegate.swift */,
				14377BF5246DE214005B0795 /* SceneDelegate.swift */,
			);
			path = "App Files";
			sourceTree = "<group>";
		};
		14121C82247465650073814F /* Launch */ = {
			isa = PBXGroup;
			children = (
				14377BFE246DE218005B0795 /* LaunchScreen.storyboard */,
			);
			path = Launch;
			sourceTree = "<group>";
		};
		14121C83247465740073814F /* Splash */ = {
			isa = PBXGroup;
			children = (
				14377BF7246DE214005B0795 /* ViewController.swift */,
				14377BF9246DE214005B0795 /* Main.storyboard */,
			);
			path = Splash;
			sourceTree = "<group>";
		};
		14121C84247465900073814F /* Fonts */ = {
			isa = PBXGroup;
			children = (
				14121CED247467520073814F /* amatic_sc.ttf */,
				14121D01247467660073814F /* comfortaa_bold.ttf */,
				14121D072474676C0073814F /* comfortaa_light.ttf */,
				14121D172474677C0073814F /* comfortaa_medium.ttf */,
				14121CF52474675A0073814F /* comfortaa_semi_bold.ttf */,
				14121CF2247467570073814F /* comfortaa.ttf */,
				14121D0C247467710073814F /* happy_monkey.ttf */,
				14121D192474677E0073814F /* inconsolata_expanded.ttf */,
				14121CE92474674D0073814F /* indie_flower.ttf */,
				14121D092474676E0073814F /* jost.ttf */,
				14121CFB247467600073814F /* lato.ttf */,
				14121CE82474674C0073814F /* lobster.ttf */,
				14121D052474676A0073814F /* martel_sans_extralight.ttf */,
				14121CF4247467590073814F /* martel_sans_light.ttf */,
				14121D0F247467740073814F /* martel_sans_semibold.ttf */,
				14121D10247467750073814F /* metamorphous.ttf */,
				14121CE72474674B0073814F /* montserrat_alternates_bold.ttf */,
				14121D062474676B0073814F /* montserrat_alternates.ttf */,
				14121D0B247467700073814F /* montserrat_black_italic.ttf */,
				14121CF62474675B0073814F /* montserrat_black.ttf */,
				14121D02247467670073814F /* montserrat_bold_italic.ttf */,
				14121CEE247467530073814F /* montserrat_bold.ttf */,
				14121D1A2474677F0073814F /* montserrat_extra_bold_italic.ttf */,
				14121D12247467770073814F /* montserrat_extra_bold.ttf */,
				14121D182474677D0073814F /* montserrat_extra_light_italic.ttf */,
				14121CF1247467560073814F /* montserrat_extra_light.ttf */,
				14121D11247467760073814F /* montserrat_italic.ttf */,
				14121CF0247467550073814F /* montserrat_light_italic.ttf */,
				14121CEA2474674E0073814F /* montserrat_light.ttf */,
				14121CF72474675C0073814F /* montserrat_medium_italic.ttf */,
				14121CFC247467610073814F /* montserrat_medium.ttf */,
				14121D13247467780073814F /* montserrat_regular.ttf */,
				14121CF3247467580073814F /* montserrat_semi_bold_italic.ttf */,
				14121D04247467690073814F /* montserrat_semi_bold.ttf */,
				14121D0E247467730073814F /* montserrat_thin_italic.ttf */,
				14121D03247467680073814F /* montserrat_thin.ttf */,
				14121CEC247467510073814F /* montserrat.ttf */,
				14121CF82474675D0073814F /* roboto_black_italic.ttf */,
				14121D14247467790073814F /* roboto_black.ttf */,
				14121CF92474675E0073814F /* roboto_bold_italic.ttf */,
				14121CFD247467620073814F /* roboto_bold.ttf */,
				14121CFA2474675F0073814F /* roboto_condensed_regular_italic.ttf */,
				14121D00247467650073814F /* roboto_condensed_regular.ttf */,
				14121D0D247467720073814F /* roboto_italic.ttf */,
				14121D152474677A0073814F /* roboto_light_italic.ttf */,
				14121D0A2474676F0073814F /* roboto_light.ttf */,
				14121CEB247467500073814F /* roboto_medium_italic.ttf */,
				14121D082474676D0073814F /* roboto_medium.ttf */,
				14121D162474677B0073814F /* roboto.ttf */,
			);
			path = Fonts;
			sourceTree = "<group>";
		};
		14121D6124750EE90073814F /* Utils */ = {
			isa = PBXGroup;
			children = (
				14121D6224750F0D0073814F /* Date+Extensions.swift */,
			);
			path = Utils;
			sourceTree = "<group>";
		};
		14121D782475B3E10073814F /* Audio Speed */ = {
			isa = PBXGroup;
			children = (
				14121D792475B41D0073814F /* IAudioSpeedDataSource.swift */,
				14121D7B2475B43B0073814F /* AudioSpeedDataSourceImpl.swift */,
			);
			path = "Audio Speed";
			sourceTree = "<group>";
		};
		14121D7D2475E87D0073814F /* Utils */ = {
			isa = PBXGroup;
			children = (
				14121D7E2475E89A0073814F /* Rx+Extensions.swift */,
			);
			path = Utils;
			sourceTree = "<group>";
		};
		14121D8024766E890073814F /* Book */ = {
			isa = PBXGroup;
			children = (
				14121D8124766EB60073814F /* IBookDataSource.swift */,
				14121D832476700C0073814F /* BookDataSourceImpl.swift */,
			);
			path = Book;
			sourceTree = "<group>";
		};
		14121D85247683850073814F /* Bookmark */ = {
			isa = PBXGroup;
			children = (
				14121D86247683A60073814F /* IBookmarkDataSource.swift */,
				14121D88247683D00073814F /* BookmarkDataSourceImpl.swift */,
			);
			path = Bookmark;
			sourceTree = "<group>";
		};
		14121D8A2476AAC00073814F /* Chapter */ = {
			isa = PBXGroup;
			children = (
				14121D8B2476AAF50073814F /* IChapterDataSource.swift */,
				14121D8D2476B0780073814F /* ChapterDataSourceImpl.swift */,
			);
			path = Chapter;
			sourceTree = "<group>";
		};
		14121D8F2476CA900073814F /* Font Style */ = {
			isa = PBXGroup;
			children = (
				14121D902476CAA20073814F /* IFontStyleDataSource.swift */,
				14121D922476CBAF0073814F /* FontStyleDataSourceImpl.swift */,
			);
			path = "Font Style";
			sourceTree = "<group>";
		};
		14121D942476CCE60073814F /* Highlight Color */ = {
			isa = PBXGroup;
			children = (
				14121D952476CD030073814F /* IHighlightColorDataSource.swift */,
				14121D972476CD110073814F /* HighlightColorDataSourceImpl.swift */,
			);
			path = "Highlight Color";
			sourceTree = "<group>";
		};
		14121D992476CE340073814F /* Highlight */ = {
			isa = PBXGroup;
			children = (
				14121D9A2476CE4E0073814F /* IHighlightDataSource.swift */,
				14121D9C2476CE6D0073814F /* HighlightDataSourceImpl.swift */,
			);
			path = Highlight;
			sourceTree = "<group>";
		};
		14121D9E2476D2E20073814F /* History */ = {
			isa = PBXGroup;
			children = (
				14121D9F2476D36E0073814F /* IHistoryDataSource.swift */,
				14121DA12476D38E0073814F /* HistoryDataSourceImpl.swift */,
			);
			path = History;
			sourceTree = "<group>";
		};
		14121DA32476D6B10073814F /* Note */ = {
			isa = PBXGroup;
			children = (
				14121DA42476D6C50073814F /* INoteDataSource.swift */,
				14121DA62476D6E40073814F /* NoteDataSourceImpl.swift */,
			);
			path = Note;
			sourceTree = "<group>";
		};
		14121DA82476FADF0073814F /* Other */ = {
			isa = PBXGroup;
			children = (
				14121DA92476FAF30073814F /* IOtherDataSource.swift */,
				14121DAB2476FB220073814F /* OtherDataSourceImpl.swift */,
			);
			path = Other;
			sourceTree = "<group>";
		};
		14121DAD247708E90073814F /* RecentSearch */ = {
			isa = PBXGroup;
			children = (
				14121DAE247709020073814F /* IRecentSearchDataSource.swift */,
				14121DB02477091A0073814F /* RecentSearchDataSourceImpl.swift */,
			);
			path = RecentSearch;
			sourceTree = "<group>";
		};
		14121DB224770A040073814F /* Setting */ = {
			isa = PBXGroup;
			children = (
				14121DB324770A1F0073814F /* ISettingDataSource.swift */,
				14121DB524770A3D0073814F /* SettingDataSourceImpl.swift */,
			);
			path = Setting;
			sourceTree = "<group>";
		};
		14121DB724770E5F0073814F /* Testament */ = {
			isa = PBXGroup;
			children = (
				14121DB824770E6F0073814F /* ITestamentDataSource.swift */,
				14121DBA24770E950073814F /* TestamentDataSourceImpl.swift */,
			);
			path = Testament;
			sourceTree = "<group>";
		};
		14121DBC247710E00073814F /* Theme */ = {
			isa = PBXGroup;
			children = (
				14121DBD247710F20073814F /* IThemeDataSource.swift */,
				14121DBF247711210073814F /* ThemeDataSourceImpl.swift */,
			);
			path = Theme;
			sourceTree = "<group>";
		};
		14121DC1247712740073814F /* Verse */ = {
			isa = PBXGroup;
			children = (
				14121DC22477128A0073814F /* IVerseDataSource.swift */,
				14121DC4247712A40073814F /* VerseDataSourceImpl.swift */,
			);
			path = Verse;
			sourceTree = "<group>";
		};
		14121DC6247717A40073814F /* Version */ = {
			isa = PBXGroup;
			children = (
				14121DC7247717B90073814F /* IVersionDataSource.swift */,
				14121DC9247717D70073814F /* VersionDataSourceImpl.swift */,
			);
			path = Version;
			sourceTree = "<group>";
		};
		14121DCB247719990073814F /* Audio Speed */ = {
			isa = PBXGroup;
			children = (
				14121DCC247719B90073814F /* IAudioSpeedRepo.swift */,
				14121DCE247719E20073814F /* AudioSpeedRepoImpl.swift */,
			);
			path = "Audio Speed";
			sourceTree = "<group>";
		};
		14377BE7246DE213005B0795 = {
			isa = PBXGroup;
			children = (
				14377BF2246DE214005B0795 /* Tiv Bible */,
				14377C09246DE218005B0795 /* Tiv BibleTests */,
				14377C14246DE218005B0795 /* Tiv BibleUITests */,
				14377BF1246DE214005B0795 /* Products */,
				02C67FE45E23F9925154169D /* Pods */,
				639B566969A01D1E2F125055 /* Frameworks */,
			);
			sourceTree = "<group>";
		};
		14377BF1246DE214005B0795 /* Products */ = {
			isa = PBXGroup;
			children = (
				14377BF0246DE214005B0795 /* Tiv Bible.app */,
				14377C06246DE218005B0795 /* Tiv BibleTests.xctest */,
				14377C11246DE218005B0795 /* Tiv BibleUITests.xctest */,
			);
			name = Products;
			sourceTree = "<group>";
		};
		14377BF2246DE214005B0795 /* Tiv Bible */ = {
			isa = PBXGroup;
			children = (
				14121C81247465070073814F /* App Files */,
				14121C80247464F80073814F /* Resources */,
				14121C7F247464F10073814F /* DI */,
				14121C7E247464E00073814F /* Features */,
				14121C7D247464AD0073814F /* Repository */,
				14121C7C2474649D0073814F /* Preference */,
				14121C7B247464580073814F /* LocalDataSource */,
				14121C7A2474644F0073814F /* Entities */,
			);
			path = "Tiv Bible";
			sourceTree = "<group>";
		};
		14377C09246DE218005B0795 /* Tiv BibleTests */ = {
			isa = PBXGroup;
			children = (
				14377C0A246DE218005B0795 /* Tiv_BibleTests.swift */,
				14377C0C246DE218005B0795 /* Info.plist */,
			);
			path = "Tiv BibleTests";
			sourceTree = "<group>";
		};
		14377C14246DE218005B0795 /* Tiv BibleUITests */ = {
			isa = PBXGroup;
			children = (
				14377C15246DE218005B0795 /* Tiv_BibleUITests.swift */,
				14377C17246DE218005B0795 /* Info.plist */,
			);
			path = "Tiv BibleUITests";
			sourceTree = "<group>";
		};
		639B566969A01D1E2F125055 /* Frameworks */ = {
			isa = PBXGroup;
			children = (
				3B3884A3AC6C6A9D8CA50103 /* Pods_Tiv_Bible.framework */,
				313FE4C6C52C2C75C944FE96 /* Pods_Tiv_Bible_Tiv_BibleUITests.framework */,
				75BC5B91C4FEC0F3E36C43B2 /* Pods_Tiv_BibleTests.framework */,
			);
			name = Frameworks;
			sourceTree = "<group>";
		};
/* End PBXGroup section */

/* Begin PBXNativeTarget section */
		14377BEF246DE214005B0795 /* Tiv Bible */ = {
			isa = PBXNativeTarget;
			buildConfigurationList = 14377C1A246DE218005B0795 /* Build configuration list for PBXNativeTarget "Tiv Bible" */;
			buildPhases = (
				ADB6846035EBCE9AC4817CCC /* [CP] Check Pods Manifest.lock */,
				14377BEC246DE214005B0795 /* Sources */,
				14377BED246DE214005B0795 /* Frameworks */,
				14377BEE246DE214005B0795 /* Resources */,
				6A0C4946FEC09EDF71048CC8 /* [CP] Embed Pods Frameworks */,
				A92D3F185CB0483ECE4548F4 /* [CP] Copy Pods Resources */,
			);
			buildRules = (
			);
			dependencies = (
			);
			name = "Tiv Bible";
			productName = "Tiv Bible";
			productReference = 14377BF0246DE214005B0795 /* Tiv Bible.app */;
			productType = "com.apple.product-type.application";
		};
		14377C05246DE218005B0795 /* Tiv BibleTests */ = {
			isa = PBXNativeTarget;
			buildConfigurationList = 14377C1D246DE218005B0795 /* Build configuration list for PBXNativeTarget "Tiv BibleTests" */;
			buildPhases = (
				16E0AE7A7FA4FACBB53452F3 /* [CP] Check Pods Manifest.lock */,
				14377C02246DE218005B0795 /* Sources */,
				14377C03246DE218005B0795 /* Frameworks */,
				14377C04246DE218005B0795 /* Resources */,
				6C2EB196E9C44EC3ADB57637 /* [CP] Embed Pods Frameworks */,
			);
			buildRules = (
			);
			dependencies = (
				14377C08246DE218005B0795 /* PBXTargetDependency */,
			);
			name = "Tiv BibleTests";
			productName = "Tiv BibleTests";
			productReference = 14377C06246DE218005B0795 /* Tiv BibleTests.xctest */;
			productType = "com.apple.product-type.bundle.unit-test";
		};
		14377C10246DE218005B0795 /* Tiv BibleUITests */ = {
			isa = PBXNativeTarget;
			buildConfigurationList = 14377C20246DE218005B0795 /* Build configuration list for PBXNativeTarget "Tiv BibleUITests" */;
			buildPhases = (
				970DEC2AE14F17B51AE7B2ED /* [CP] Check Pods Manifest.lock */,
				14377C0D246DE218005B0795 /* Sources */,
				14377C0E246DE218005B0795 /* Frameworks */,
				14377C0F246DE218005B0795 /* Resources */,
				B904DF0F28F927506882741E /* [CP] Embed Pods Frameworks */,
				310C3222CA83D282F9B7AEC7 /* [CP] Copy Pods Resources */,
			);
			buildRules = (
			);
			dependencies = (
				14377C13246DE218005B0795 /* PBXTargetDependency */,
			);
			name = "Tiv BibleUITests";
			productName = "Tiv BibleUITests";
			productReference = 14377C11246DE218005B0795 /* Tiv BibleUITests.xctest */;
			productType = "com.apple.product-type.bundle.ui-testing";
		};
/* End PBXNativeTarget section */

/* Begin PBXProject section */
		14377BE8246DE214005B0795 /* Project object */ = {
			isa = PBXProject;
			attributes = {
				LastSwiftUpdateCheck = 1130;
				LastUpgradeCheck = 1130;
				ORGANIZATIONNAME = "Iniongun Group";
				TargetAttributes = {
					14377BEF246DE214005B0795 = {
						CreatedOnToolsVersion = 11.3.1;
					};
					14377C05246DE218005B0795 = {
						CreatedOnToolsVersion = 11.3.1;
						TestTargetID = 14377BEF246DE214005B0795;
					};
					14377C10246DE218005B0795 = {
						CreatedOnToolsVersion = 11.3.1;
						TestTargetID = 14377BEF246DE214005B0795;
					};
				};
			};
			buildConfigurationList = 14377BEB246DE214005B0795 /* Build configuration list for PBXProject "Tiv Bible" */;
			compatibilityVersion = "Xcode 9.3";
			developmentRegion = en;
			hasScannedForEncodings = 0;
			knownRegions = (
				en,
				Base,
			);
			mainGroup = 14377BE7246DE213005B0795;
			productRefGroup = 14377BF1246DE214005B0795 /* Products */;
			projectDirPath = "";
			projectRoot = "";
			targets = (
				14377BEF246DE214005B0795 /* Tiv Bible */,
				14377C05246DE218005B0795 /* Tiv BibleTests */,
				14377C10246DE218005B0795 /* Tiv BibleUITests */,
			);
		};
/* End PBXProject section */

/* Begin PBXResourcesBuildPhase section */
		14377BEE246DE214005B0795 /* Resources */ = {
			isa = PBXResourcesBuildPhase;
			buildActionMask = 2147483647;
			files = (
				14121D382474677F0073814F /* montserrat_semi_bold.ttf in Resources */,
				14121D3A2474677F0073814F /* montserrat_alternates.ttf in Resources */,
				14121D2C2474677F0073814F /* roboto_black_italic.ttf in Resources */,
				14377C00246DE218005B0795 /* LaunchScreen.storyboard in Resources */,
				14121D3D2474677F0073814F /* jost.ttf in Resources */,
				14121D202474677F0073814F /* montserrat.ttf in Resources */,
				14121D292474677F0073814F /* comfortaa_semi_bold.ttf in Resources */,
				14121D242474677F0073814F /* montserrat_light_italic.ttf in Resources */,
				14121D2B2474677F0073814F /* montserrat_medium_italic.ttf in Resources */,
				14121D4E2474677F0073814F /* montserrat_extra_bold_italic.ttf in Resources */,
				14121D1D2474677F0073814F /* indie_flower.ttf in Resources */,
				14121D4D2474677F0073814F /* inconsolata_expanded.ttf in Resources */,
				14121D432474677F0073814F /* martel_sans_semibold.ttf in Resources */,
				14121D262474677F0073814F /* comfortaa.ttf in Resources */,
				14121D302474677F0073814F /* montserrat_medium.ttf in Resources */,
				14121D4A2474677F0073814F /* roboto.ttf in Resources */,
				14121D422474677F0073814F /* montserrat_thin_italic.ttf in Resources */,
				14121D4B2474677F0073814F /* comfortaa_medium.ttf in Resources */,
				14121D1C2474677F0073814F /* lobster.ttf in Resources */,
				14377BFD246DE218005B0795 /* Assets.xcassets in Resources */,
				14121D2E2474677F0073814F /* roboto_condensed_regular_italic.ttf in Resources */,
				14121D472474677F0073814F /* montserrat_regular.ttf in Resources */,
				14121D222474677F0073814F /* montserrat_bold.ttf in Resources */,
				14121D352474677F0073814F /* comfortaa_bold.ttf in Resources */,
				14121D3C2474677F0073814F /* roboto_medium.ttf in Resources */,
				14121D2D2474677F0073814F /* roboto_bold_italic.ttf in Resources */,
				14121D4C2474677F0073814F /* montserrat_extra_light_italic.ttf in Resources */,
				14121D372474677F0073814F /* montserrat_thin.ttf in Resources */,
				14121D2A2474677F0073814F /* montserrat_black.ttf in Resources */,
				14121D282474677F0073814F /* martel_sans_light.ttf in Resources */,
				14121D212474677F0073814F /* amatic_sc.ttf in Resources */,
				14121D3B2474677F0073814F /* comfortaa_light.ttf in Resources */,
				14121D252474677F0073814F /* montserrat_extra_light.ttf in Resources */,
				14377BFB246DE214005B0795 /* Main.storyboard in Resources */,
				14121D452474677F0073814F /* montserrat_italic.ttf in Resources */,
				14121D272474677F0073814F /* montserrat_semi_bold_italic.ttf in Resources */,
				14121D482474677F0073814F /* roboto_black.ttf in Resources */,
				14121D442474677F0073814F /* metamorphous.ttf in Resources */,
				14121D392474677F0073814F /* martel_sans_extralight.ttf in Resources */,
				14121D3E2474677F0073814F /* roboto_light.ttf in Resources */,
				14121D2F2474677F0073814F /* lato.ttf in Resources */,
				14121D462474677F0073814F /* montserrat_extra_bold.ttf in Resources */,
				14121D3F2474677F0073814F /* montserrat_black_italic.ttf in Resources */,
				14121D1B2474677F0073814F /* montserrat_alternates_bold.ttf in Resources */,
				14121D492474677F0073814F /* roboto_light_italic.ttf in Resources */,
				14121D412474677F0073814F /* roboto_italic.ttf in Resources */,
				14121D402474677F0073814F /* happy_monkey.ttf in Resources */,
				14121D342474677F0073814F /* roboto_condensed_regular.ttf in Resources */,
				14121D362474677F0073814F /* montserrat_bold_italic.ttf in Resources */,
				14121D1F2474677F0073814F /* roboto_medium_italic.ttf in Resources */,
				14121D312474677F0073814F /* roboto_bold.ttf in Resources */,
				14121D1E2474677F0073814F /* montserrat_light.ttf in Resources */,
			);
			runOnlyForDeploymentPostprocessing = 0;
		};
		14377C04246DE218005B0795 /* Resources */ = {
			isa = PBXResourcesBuildPhase;
			buildActionMask = 2147483647;
			files = (
			);
			runOnlyForDeploymentPostprocessing = 0;
		};
		14377C0F246DE218005B0795 /* Resources */ = {
			isa = PBXResourcesBuildPhase;
			buildActionMask = 2147483647;
			files = (
			);
			runOnlyForDeploymentPostprocessing = 0;
		};
/* End PBXResourcesBuildPhase section */

/* Begin PBXShellScriptBuildPhase section */
		16E0AE7A7FA4FACBB53452F3 /* [CP] Check Pods Manifest.lock */ = {
			isa = PBXShellScriptBuildPhase;
			buildActionMask = 2147483647;
			files = (
			);
			inputFileListPaths = (
			);
			inputPaths = (
				"${PODS_PODFILE_DIR_PATH}/Podfile.lock",
				"${PODS_ROOT}/Manifest.lock",
			);
			name = "[CP] Check Pods Manifest.lock";
			outputFileListPaths = (
			);
			outputPaths = (
				"$(DERIVED_FILE_DIR)/Pods-Tiv BibleTests-checkManifestLockResult.txt",
			);
			runOnlyForDeploymentPostprocessing = 0;
			shellPath = /bin/sh;
			shellScript = "diff \"${PODS_PODFILE_DIR_PATH}/Podfile.lock\" \"${PODS_ROOT}/Manifest.lock\" > /dev/null\nif [ $? != 0 ] ; then\n    # print error to STDERR\n    echo \"error: The sandbox is not in sync with the Podfile.lock. Run 'pod install' or update your CocoaPods installation.\" >&2\n    exit 1\nfi\n# This output is used by Xcode 'outputs' to avoid re-running this script phase.\necho \"SUCCESS\" > \"${SCRIPT_OUTPUT_FILE_0}\"\n";
			showEnvVarsInLog = 0;
		};
		310C3222CA83D282F9B7AEC7 /* [CP] Copy Pods Resources */ = {
			isa = PBXShellScriptBuildPhase;
			buildActionMask = 2147483647;
			files = (
			);
			inputFileListPaths = (
				"${PODS_ROOT}/Target Support Files/Pods-Tiv Bible-Tiv BibleUITests/Pods-Tiv Bible-Tiv BibleUITests-resources-${CONFIGURATION}-input-files.xcfilelist",
			);
			name = "[CP] Copy Pods Resources";
			outputFileListPaths = (
				"${PODS_ROOT}/Target Support Files/Pods-Tiv Bible-Tiv BibleUITests/Pods-Tiv Bible-Tiv BibleUITests-resources-${CONFIGURATION}-output-files.xcfilelist",
			);
			runOnlyForDeploymentPostprocessing = 0;
			shellPath = /bin/sh;
			shellScript = "\"${PODS_ROOT}/Target Support Files/Pods-Tiv Bible-Tiv BibleUITests/Pods-Tiv Bible-Tiv BibleUITests-resources.sh\"\n";
			showEnvVarsInLog = 0;
		};
		6A0C4946FEC09EDF71048CC8 /* [CP] Embed Pods Frameworks */ = {
			isa = PBXShellScriptBuildPhase;
			buildActionMask = 2147483647;
			files = (
			);
			inputFileListPaths = (
				"${PODS_ROOT}/Target Support Files/Pods-Tiv Bible/Pods-Tiv Bible-frameworks-${CONFIGURATION}-input-files.xcfilelist",
			);
			name = "[CP] Embed Pods Frameworks";
			outputFileListPaths = (
				"${PODS_ROOT}/Target Support Files/Pods-Tiv Bible/Pods-Tiv Bible-frameworks-${CONFIGURATION}-output-files.xcfilelist",
			);
			runOnlyForDeploymentPostprocessing = 0;
			shellPath = /bin/sh;
			shellScript = "\"${PODS_ROOT}/Target Support Files/Pods-Tiv Bible/Pods-Tiv Bible-frameworks.sh\"\n";
			showEnvVarsInLog = 0;
		};
		6C2EB196E9C44EC3ADB57637 /* [CP] Embed Pods Frameworks */ = {
			isa = PBXShellScriptBuildPhase;
			buildActionMask = 2147483647;
			files = (
			);
			inputFileListPaths = (
				"${PODS_ROOT}/Target Support Files/Pods-Tiv BibleTests/Pods-Tiv BibleTests-frameworks-${CONFIGURATION}-input-files.xcfilelist",
			);
			name = "[CP] Embed Pods Frameworks";
			outputFileListPaths = (
				"${PODS_ROOT}/Target Support Files/Pods-Tiv BibleTests/Pods-Tiv BibleTests-frameworks-${CONFIGURATION}-output-files.xcfilelist",
			);
			runOnlyForDeploymentPostprocessing = 0;
			shellPath = /bin/sh;
			shellScript = "\"${PODS_ROOT}/Target Support Files/Pods-Tiv BibleTests/Pods-Tiv BibleTests-frameworks.sh\"\n";
			showEnvVarsInLog = 0;
		};
		970DEC2AE14F17B51AE7B2ED /* [CP] Check Pods Manifest.lock */ = {
			isa = PBXShellScriptBuildPhase;
			buildActionMask = 2147483647;
			files = (
			);
			inputFileListPaths = (
			);
			inputPaths = (
				"${PODS_PODFILE_DIR_PATH}/Podfile.lock",
				"${PODS_ROOT}/Manifest.lock",
			);
			name = "[CP] Check Pods Manifest.lock";
			outputFileListPaths = (
			);
			outputPaths = (
				"$(DERIVED_FILE_DIR)/Pods-Tiv Bible-Tiv BibleUITests-checkManifestLockResult.txt",
			);
			runOnlyForDeploymentPostprocessing = 0;
			shellPath = /bin/sh;
			shellScript = "diff \"${PODS_PODFILE_DIR_PATH}/Podfile.lock\" \"${PODS_ROOT}/Manifest.lock\" > /dev/null\nif [ $? != 0 ] ; then\n    # print error to STDERR\n    echo \"error: The sandbox is not in sync with the Podfile.lock. Run 'pod install' or update your CocoaPods installation.\" >&2\n    exit 1\nfi\n# This output is used by Xcode 'outputs' to avoid re-running this script phase.\necho \"SUCCESS\" > \"${SCRIPT_OUTPUT_FILE_0}\"\n";
			showEnvVarsInLog = 0;
		};
		A92D3F185CB0483ECE4548F4 /* [CP] Copy Pods Resources */ = {
			isa = PBXShellScriptBuildPhase;
			buildActionMask = 2147483647;
			files = (
			);
			inputFileListPaths = (
				"${PODS_ROOT}/Target Support Files/Pods-Tiv Bible/Pods-Tiv Bible-resources-${CONFIGURATION}-input-files.xcfilelist",
			);
			name = "[CP] Copy Pods Resources";
			outputFileListPaths = (
				"${PODS_ROOT}/Target Support Files/Pods-Tiv Bible/Pods-Tiv Bible-resources-${CONFIGURATION}-output-files.xcfilelist",
			);
			runOnlyForDeploymentPostprocessing = 0;
			shellPath = /bin/sh;
			shellScript = "\"${PODS_ROOT}/Target Support Files/Pods-Tiv Bible/Pods-Tiv Bible-resources.sh\"\n";
			showEnvVarsInLog = 0;
		};
		ADB6846035EBCE9AC4817CCC /* [CP] Check Pods Manifest.lock */ = {
			isa = PBXShellScriptBuildPhase;
			buildActionMask = 2147483647;
			files = (
			);
			inputFileListPaths = (
			);
			inputPaths = (
				"${PODS_PODFILE_DIR_PATH}/Podfile.lock",
				"${PODS_ROOT}/Manifest.lock",
			);
			name = "[CP] Check Pods Manifest.lock";
			outputFileListPaths = (
			);
			outputPaths = (
				"$(DERIVED_FILE_DIR)/Pods-Tiv Bible-checkManifestLockResult.txt",
			);
			runOnlyForDeploymentPostprocessing = 0;
			shellPath = /bin/sh;
			shellScript = "diff \"${PODS_PODFILE_DIR_PATH}/Podfile.lock\" \"${PODS_ROOT}/Manifest.lock\" > /dev/null\nif [ $? != 0 ] ; then\n    # print error to STDERR\n    echo \"error: The sandbox is not in sync with the Podfile.lock. Run 'pod install' or update your CocoaPods installation.\" >&2\n    exit 1\nfi\n# This output is used by Xcode 'outputs' to avoid re-running this script phase.\necho \"SUCCESS\" > \"${SCRIPT_OUTPUT_FILE_0}\"\n";
			showEnvVarsInLog = 0;
		};
		B904DF0F28F927506882741E /* [CP] Embed Pods Frameworks */ = {
			isa = PBXShellScriptBuildPhase;
			buildActionMask = 2147483647;
			files = (
			);
			inputFileListPaths = (
				"${PODS_ROOT}/Target Support Files/Pods-Tiv Bible-Tiv BibleUITests/Pods-Tiv Bible-Tiv BibleUITests-frameworks-${CONFIGURATION}-input-files.xcfilelist",
			);
			name = "[CP] Embed Pods Frameworks";
			outputFileListPaths = (
				"${PODS_ROOT}/Target Support Files/Pods-Tiv Bible-Tiv BibleUITests/Pods-Tiv Bible-Tiv BibleUITests-frameworks-${CONFIGURATION}-output-files.xcfilelist",
			);
			runOnlyForDeploymentPostprocessing = 0;
			shellPath = /bin/sh;
			shellScript = "\"${PODS_ROOT}/Target Support Files/Pods-Tiv Bible-Tiv BibleUITests/Pods-Tiv Bible-Tiv BibleUITests-frameworks.sh\"\n";
			showEnvVarsInLog = 0;
		};
/* End PBXShellScriptBuildPhase section */

/* Begin PBXSourcesBuildPhase section */
		14377BEC246DE214005B0795 /* Sources */ = {
			isa = PBXSourcesBuildPhase;
			buildActionMask = 2147483647;
			files = (
				14121D8224766EB60073814F /* IBookDataSource.swift in Sources */,
				14121DCA247717D70073814F /* VersionDataSourceImpl.swift in Sources */,
				14121DB624770A3D0073814F /* SettingDataSourceImpl.swift in Sources */,
				14121DCD247719B90073814F /* IAudioSpeedRepo.swift in Sources */,
				14121D6B247517110073814F /* History.swift in Sources */,
				14121DC8247717B90073814F /* IVersionDataSource.swift in Sources */,
				14121D5024746EC20073814F /* Base.swift in Sources */,
				14121D54247479EC0073814F /* Testament.swift in Sources */,
				14121D52247471FF0073814F /* Version.swift in Sources */,
				14121DB924770E6F0073814F /* ITestamentDataSource.swift in Sources */,
				14121D982476CD110073814F /* HighlightColorDataSourceImpl.swift in Sources */,
				14121DB12477091A0073814F /* RecentSearchDataSourceImpl.swift in Sources */,
				14121D932476CBAF0073814F /* FontStyleDataSourceImpl.swift in Sources */,
				14121D6324750F0D0073814F /* Date+Extensions.swift in Sources */,
				14121D6D2475247B0073814F /* Note.swift in Sources */,
				14121D9D2476CE6D0073814F /* HighlightDataSourceImpl.swift in Sources */,
				14121DBE247710F20073814F /* IThemeDataSource.swift in Sources */,
				14121D842476700C0073814F /* BookDataSourceImpl.swift in Sources */,
				14121D7C2475B43B0073814F /* AudioSpeedDataSourceImpl.swift in Sources */,
				14121D672475154D0073814F /* Highlight.swift in Sources */,
				14121DA22476D38E0073814F /* HistoryDataSourceImpl.swift in Sources */,
				14121D87247683A60073814F /* IBookmarkDataSource.swift in Sources */,
				14121D60247488060073814F /* Verse.swift in Sources */,
				14121DB424770A1F0073814F /* ISettingDataSource.swift in Sources */,
				14121D69247516520073814F /* HighlightColor.swift in Sources */,
				14121D5624747A4D0073814F /* BaseName.swift in Sources */,
				14121D65247515220073814F /* FontStyle.swift in Sources */,
				14121D912476CAA20073814F /* IFontStyleDataSource.swift in Sources */,
				14121DC32477128A0073814F /* IVerseDataSource.swift in Sources */,
				14121DA72476D6E40073814F /* NoteDataSourceImpl.swift in Sources */,
				14121D962476CD030073814F /* IHighlightColorDataSource.swift in Sources */,
				14121DA52476D6C50073814F /* INoteDataSource.swift in Sources */,
				14121DAC2476FB220073814F /* OtherDataSourceImpl.swift in Sources */,
				14121D7324752C8E0073814F /* Setting.swift in Sources */,
				14377BF8246DE214005B0795 /* ViewController.swift in Sources */,
				14121D7A2475B41D0073814F /* IAudioSpeedDataSource.swift in Sources */,
				14121DAF247709020073814F /* IRecentSearchDataSource.swift in Sources */,
				14121DC5247712A40073814F /* VerseDataSourceImpl.swift in Sources */,
				14121D7124752C3A0073814F /* RecentSearch.swift in Sources */,
				14121D5C2474804E0073814F /* Bookmark.swift in Sources */,
				14121DCF247719E20073814F /* AudioSpeedRepoImpl.swift in Sources */,
				14121D7F2475E89A0073814F /* Rx+Extensions.swift in Sources */,
				14121DC0247711210073814F /* ThemeDataSourceImpl.swift in Sources */,
				14121D7524752DBC0073814F /* Theme.swift in Sources */,
				14121D5A24747BB20073814F /* Book.swift in Sources */,
				14121D6F24752B9A0073814F /* Other.swift in Sources */,
				14121D89247683D00073814F /* BookmarkDataSourceImpl.swift in Sources */,
				14377BF4246DE214005B0795 /* AppDelegate.swift in Sources */,
				14121D8E2476B0780073814F /* ChapterDataSourceImpl.swift in Sources */,
				14121D5824747B6A0073814F /* AudioSpeed.swift in Sources */,
				14121D8C2476AAF50073814F /* IChapterDataSource.swift in Sources */,
				14377BF6246DE214005B0795 /* SceneDelegate.swift in Sources */,
				14121DBB24770E950073814F /* TestamentDataSourceImpl.swift in Sources */,
				14121D9B2476CE4E0073814F /* IHighlightDataSource.swift in Sources */,
				14121D7724752DE10073814F /* TivBibleData.swift in Sources */,
				14121DAA2476FAF30073814F /* IOtherDataSource.swift in Sources */,
				14121DA02476D36E0073814F /* IHistoryDataSource.swift in Sources */,
				14121D5E247486600073814F /* Chapter.swift in Sources */,
			);
			runOnlyForDeploymentPostprocessing = 0;
		};
		14377C02246DE218005B0795 /* Sources */ = {
			isa = PBXSourcesBuildPhase;
			buildActionMask = 2147483647;
			files = (
				14377C0B246DE218005B0795 /* Tiv_BibleTests.swift in Sources */,
			);
			runOnlyForDeploymentPostprocessing = 0;
		};
		14377C0D246DE218005B0795 /* Sources */ = {
			isa = PBXSourcesBuildPhase;
			buildActionMask = 2147483647;
			files = (
				14377C16246DE218005B0795 /* Tiv_BibleUITests.swift in Sources */,
			);
			runOnlyForDeploymentPostprocessing = 0;
		};
/* End PBXSourcesBuildPhase section */

/* Begin PBXTargetDependency section */
		14377C08246DE218005B0795 /* PBXTargetDependency */ = {
			isa = PBXTargetDependency;
			target = 14377BEF246DE214005B0795 /* Tiv Bible */;
			targetProxy = 14377C07246DE218005B0795 /* PBXContainerItemProxy */;
		};
		14377C13246DE218005B0795 /* PBXTargetDependency */ = {
			isa = PBXTargetDependency;
			target = 14377BEF246DE214005B0795 /* Tiv Bible */;
			targetProxy = 14377C12246DE218005B0795 /* PBXContainerItemProxy */;
		};
/* End PBXTargetDependency section */

/* Begin PBXVariantGroup section */
		14377BF9246DE214005B0795 /* Main.storyboard */ = {
			isa = PBXVariantGroup;
			children = (
				14377BFA246DE214005B0795 /* Base */,
			);
			name = Main.storyboard;
			sourceTree = "<group>";
		};
		14377BFE246DE218005B0795 /* LaunchScreen.storyboard */ = {
			isa = PBXVariantGroup;
			children = (
				14377BFF246DE218005B0795 /* Base */,
			);
			name = LaunchScreen.storyboard;
			sourceTree = "<group>";
		};
/* End PBXVariantGroup section */

/* Begin XCBuildConfiguration section */
		14377C18246DE218005B0795 /* Debug */ = {
			isa = XCBuildConfiguration;
			buildSettings = {
				ALWAYS_SEARCH_USER_PATHS = NO;
				CLANG_ANALYZER_NONNULL = YES;
				CLANG_ANALYZER_NUMBER_OBJECT_CONVERSION = YES_AGGRESSIVE;
				CLANG_CXX_LANGUAGE_STANDARD = "gnu++14";
				CLANG_CXX_LIBRARY = "libc++";
				CLANG_ENABLE_MODULES = YES;
				CLANG_ENABLE_OBJC_ARC = YES;
				CLANG_ENABLE_OBJC_WEAK = YES;
				CLANG_WARN_BLOCK_CAPTURE_AUTORELEASING = YES;
				CLANG_WARN_BOOL_CONVERSION = YES;
				CLANG_WARN_COMMA = YES;
				CLANG_WARN_CONSTANT_CONVERSION = YES;
				CLANG_WARN_DEPRECATED_OBJC_IMPLEMENTATIONS = YES;
				CLANG_WARN_DIRECT_OBJC_ISA_USAGE = YES_ERROR;
				CLANG_WARN_DOCUMENTATION_COMMENTS = YES;
				CLANG_WARN_EMPTY_BODY = YES;
				CLANG_WARN_ENUM_CONVERSION = YES;
				CLANG_WARN_INFINITE_RECURSION = YES;
				CLANG_WARN_INT_CONVERSION = YES;
				CLANG_WARN_NON_LITERAL_NULL_CONVERSION = YES;
				CLANG_WARN_OBJC_IMPLICIT_RETAIN_SELF = YES;
				CLANG_WARN_OBJC_LITERAL_CONVERSION = YES;
				CLANG_WARN_OBJC_ROOT_CLASS = YES_ERROR;
				CLANG_WARN_RANGE_LOOP_ANALYSIS = YES;
				CLANG_WARN_STRICT_PROTOTYPES = YES;
				CLANG_WARN_SUSPICIOUS_MOVE = YES;
				CLANG_WARN_UNGUARDED_AVAILABILITY = YES_AGGRESSIVE;
				CLANG_WARN_UNREACHABLE_CODE = YES;
				CLANG_WARN__DUPLICATE_METHOD_MATCH = YES;
				COPY_PHASE_STRIP = NO;
				DEBUG_INFORMATION_FORMAT = dwarf;
				ENABLE_STRICT_OBJC_MSGSEND = YES;
				ENABLE_TESTABILITY = YES;
				GCC_C_LANGUAGE_STANDARD = gnu11;
				GCC_DYNAMIC_NO_PIC = NO;
				GCC_NO_COMMON_BLOCKS = YES;
				GCC_OPTIMIZATION_LEVEL = 0;
				GCC_PREPROCESSOR_DEFINITIONS = (
					"DEBUG=1",
					"$(inherited)",
				);
				GCC_WARN_64_TO_32_BIT_CONVERSION = YES;
				GCC_WARN_ABOUT_RETURN_TYPE = YES_ERROR;
				GCC_WARN_UNDECLARED_SELECTOR = YES;
				GCC_WARN_UNINITIALIZED_AUTOS = YES_AGGRESSIVE;
				GCC_WARN_UNUSED_FUNCTION = YES;
				GCC_WARN_UNUSED_VARIABLE = YES;
				IPHONEOS_DEPLOYMENT_TARGET = 13.2;
				MTL_ENABLE_DEBUG_INFO = INCLUDE_SOURCE;
				MTL_FAST_MATH = YES;
				ONLY_ACTIVE_ARCH = YES;
				SDKROOT = iphoneos;
				SWIFT_ACTIVE_COMPILATION_CONDITIONS = DEBUG;
				SWIFT_OPTIMIZATION_LEVEL = "-Onone";
			};
			name = Debug;
		};
		14377C19246DE218005B0795 /* Release */ = {
			isa = XCBuildConfiguration;
			buildSettings = {
				ALWAYS_SEARCH_USER_PATHS = NO;
				CLANG_ANALYZER_NONNULL = YES;
				CLANG_ANALYZER_NUMBER_OBJECT_CONVERSION = YES_AGGRESSIVE;
				CLANG_CXX_LANGUAGE_STANDARD = "gnu++14";
				CLANG_CXX_LIBRARY = "libc++";
				CLANG_ENABLE_MODULES = YES;
				CLANG_ENABLE_OBJC_ARC = YES;
				CLANG_ENABLE_OBJC_WEAK = YES;
				CLANG_WARN_BLOCK_CAPTURE_AUTORELEASING = YES;
				CLANG_WARN_BOOL_CONVERSION = YES;
				CLANG_WARN_COMMA = YES;
				CLANG_WARN_CONSTANT_CONVERSION = YES;
				CLANG_WARN_DEPRECATED_OBJC_IMPLEMENTATIONS = YES;
				CLANG_WARN_DIRECT_OBJC_ISA_USAGE = YES_ERROR;
				CLANG_WARN_DOCUMENTATION_COMMENTS = YES;
				CLANG_WARN_EMPTY_BODY = YES;
				CLANG_WARN_ENUM_CONVERSION = YES;
				CLANG_WARN_INFINITE_RECURSION = YES;
				CLANG_WARN_INT_CONVERSION = YES;
				CLANG_WARN_NON_LITERAL_NULL_CONVERSION = YES;
				CLANG_WARN_OBJC_IMPLICIT_RETAIN_SELF = YES;
				CLANG_WARN_OBJC_LITERAL_CONVERSION = YES;
				CLANG_WARN_OBJC_ROOT_CLASS = YES_ERROR;
				CLANG_WARN_RANGE_LOOP_ANALYSIS = YES;
				CLANG_WARN_STRICT_PROTOTYPES = YES;
				CLANG_WARN_SUSPICIOUS_MOVE = YES;
				CLANG_WARN_UNGUARDED_AVAILABILITY = YES_AGGRESSIVE;
				CLANG_WARN_UNREACHABLE_CODE = YES;
				CLANG_WARN__DUPLICATE_METHOD_MATCH = YES;
				COPY_PHASE_STRIP = NO;
				DEBUG_INFORMATION_FORMAT = "dwarf-with-dsym";
				ENABLE_NS_ASSERTIONS = NO;
				ENABLE_STRICT_OBJC_MSGSEND = YES;
				GCC_C_LANGUAGE_STANDARD = gnu11;
				GCC_NO_COMMON_BLOCKS = YES;
				GCC_WARN_64_TO_32_BIT_CONVERSION = YES;
				GCC_WARN_ABOUT_RETURN_TYPE = YES_ERROR;
				GCC_WARN_UNDECLARED_SELECTOR = YES;
				GCC_WARN_UNINITIALIZED_AUTOS = YES_AGGRESSIVE;
				GCC_WARN_UNUSED_FUNCTION = YES;
				GCC_WARN_UNUSED_VARIABLE = YES;
				IPHONEOS_DEPLOYMENT_TARGET = 13.2;
				MTL_ENABLE_DEBUG_INFO = NO;
				MTL_FAST_MATH = YES;
				SDKROOT = iphoneos;
				SWIFT_COMPILATION_MODE = wholemodule;
				SWIFT_OPTIMIZATION_LEVEL = "-O";
				VALIDATE_PRODUCT = YES;
			};
			name = Release;
		};
		14377C1B246DE218005B0795 /* Debug */ = {
			isa = XCBuildConfiguration;
			baseConfigurationReference = B94B4C1B66766ED092D31924 /* Pods-Tiv Bible.debug.xcconfig */;
			buildSettings = {
				ASSETCATALOG_COMPILER_APPICON_NAME = AppIcon;
				CODE_SIGN_STYLE = Automatic;
				DEVELOPMENT_TEAM = 3W6S8FM5ZF;
				INFOPLIST_FILE = "Tiv Bible/Resources/Info.plist";
				LD_RUNPATH_SEARCH_PATHS = (
					"$(inherited)",
					"@executable_path/Frameworks",
				);
				PRODUCT_BUNDLE_IDENTIFIER = "com.iniongungroup.mobile.ios.Tiv-Bible";
				PRODUCT_NAME = "$(TARGET_NAME)";
				SWIFT_VERSION = 5.0;
				TARGETED_DEVICE_FAMILY = "1,2";
			};
			name = Debug;
		};
		14377C1C246DE218005B0795 /* Release */ = {
			isa = XCBuildConfiguration;
			baseConfigurationReference = 91CC8B96D7E99C9149212B85 /* Pods-Tiv Bible.release.xcconfig */;
			buildSettings = {
				ASSETCATALOG_COMPILER_APPICON_NAME = AppIcon;
				CODE_SIGN_STYLE = Automatic;
				DEVELOPMENT_TEAM = 3W6S8FM5ZF;
				INFOPLIST_FILE = "Tiv Bible/Resources/Info.plist";
				LD_RUNPATH_SEARCH_PATHS = (
					"$(inherited)",
					"@executable_path/Frameworks",
				);
				PRODUCT_BUNDLE_IDENTIFIER = "com.iniongungroup.mobile.ios.Tiv-Bible";
				PRODUCT_NAME = "$(TARGET_NAME)";
				SWIFT_VERSION = 5.0;
				TARGETED_DEVICE_FAMILY = "1,2";
			};
			name = Release;
		};
		14377C1E246DE218005B0795 /* Debug */ = {
			isa = XCBuildConfiguration;
			baseConfigurationReference = C4E1299DF500919C3A36F21B /* Pods-Tiv BibleTests.debug.xcconfig */;
			buildSettings = {
				ALWAYS_EMBED_SWIFT_STANDARD_LIBRARIES = YES;
				BUNDLE_LOADER = "$(TEST_HOST)";
				CODE_SIGN_STYLE = Automatic;
				DEVELOPMENT_TEAM = 3W6S8FM5ZF;
				INFOPLIST_FILE = "Tiv BibleTests/Info.plist";
				IPHONEOS_DEPLOYMENT_TARGET = 13.2;
				LD_RUNPATH_SEARCH_PATHS = (
					"$(inherited)",
					"@executable_path/Frameworks",
					"@loader_path/Frameworks",
				);
				PRODUCT_BUNDLE_IDENTIFIER = "com.iniongungroup.mobile.ios.Tiv-BibleTests";
				PRODUCT_NAME = "$(TARGET_NAME)";
				SWIFT_VERSION = 5.0;
				TARGETED_DEVICE_FAMILY = "1,2";
				TEST_HOST = "$(BUILT_PRODUCTS_DIR)/Tiv Bible.app/Tiv Bible";
			};
			name = Debug;
		};
		14377C1F246DE218005B0795 /* Release */ = {
			isa = XCBuildConfiguration;
			baseConfigurationReference = 384FCFA79DF63727CF81789E /* Pods-Tiv BibleTests.release.xcconfig */;
			buildSettings = {
				ALWAYS_EMBED_SWIFT_STANDARD_LIBRARIES = YES;
				BUNDLE_LOADER = "$(TEST_HOST)";
				CODE_SIGN_STYLE = Automatic;
				DEVELOPMENT_TEAM = 3W6S8FM5ZF;
				INFOPLIST_FILE = "Tiv BibleTests/Info.plist";
				IPHONEOS_DEPLOYMENT_TARGET = 13.2;
				LD_RUNPATH_SEARCH_PATHS = (
					"$(inherited)",
					"@executable_path/Frameworks",
					"@loader_path/Frameworks",
				);
				PRODUCT_BUNDLE_IDENTIFIER = "com.iniongungroup.mobile.ios.Tiv-BibleTests";
				PRODUCT_NAME = "$(TARGET_NAME)";
				SWIFT_VERSION = 5.0;
				TARGETED_DEVICE_FAMILY = "1,2";
				TEST_HOST = "$(BUILT_PRODUCTS_DIR)/Tiv Bible.app/Tiv Bible";
			};
			name = Release;
		};
		14377C21246DE218005B0795 /* Debug */ = {
			isa = XCBuildConfiguration;
			baseConfigurationReference = 2A6051955E0881527E3A1B8D /* Pods-Tiv Bible-Tiv BibleUITests.debug.xcconfig */;
			buildSettings = {
				ALWAYS_EMBED_SWIFT_STANDARD_LIBRARIES = YES;
				CODE_SIGN_STYLE = Automatic;
				DEVELOPMENT_TEAM = 3W6S8FM5ZF;
				INFOPLIST_FILE = "Tiv BibleUITests/Info.plist";
				LD_RUNPATH_SEARCH_PATHS = (
					"$(inherited)",
					"@executable_path/Frameworks",
					"@loader_path/Frameworks",
				);
				PRODUCT_BUNDLE_IDENTIFIER = "com.iniongungroup.mobile.ios.Tiv-BibleUITests";
				PRODUCT_NAME = "$(TARGET_NAME)";
				SWIFT_VERSION = 5.0;
				TARGETED_DEVICE_FAMILY = "1,2";
				TEST_TARGET_NAME = "Tiv Bible";
			};
			name = Debug;
		};
		14377C22246DE218005B0795 /* Release */ = {
			isa = XCBuildConfiguration;
			baseConfigurationReference = F226A7E4528DA93898887B13 /* Pods-Tiv Bible-Tiv BibleUITests.release.xcconfig */;
			buildSettings = {
				ALWAYS_EMBED_SWIFT_STANDARD_LIBRARIES = YES;
				CODE_SIGN_STYLE = Automatic;
				DEVELOPMENT_TEAM = 3W6S8FM5ZF;
				INFOPLIST_FILE = "Tiv BibleUITests/Info.plist";
				LD_RUNPATH_SEARCH_PATHS = (
					"$(inherited)",
					"@executable_path/Frameworks",
					"@loader_path/Frameworks",
				);
				PRODUCT_BUNDLE_IDENTIFIER = "com.iniongungroup.mobile.ios.Tiv-BibleUITests";
				PRODUCT_NAME = "$(TARGET_NAME)";
				SWIFT_VERSION = 5.0;
				TARGETED_DEVICE_FAMILY = "1,2";
				TEST_TARGET_NAME = "Tiv Bible";
			};
			name = Release;
		};
/* End XCBuildConfiguration section */

/* Begin XCConfigurationList section */
		14377BEB246DE214005B0795 /* Build configuration list for PBXProject "Tiv Bible" */ = {
			isa = XCConfigurationList;
			buildConfigurations = (
				14377C18246DE218005B0795 /* Debug */,
				14377C19246DE218005B0795 /* Release */,
			);
			defaultConfigurationIsVisible = 0;
			defaultConfigurationName = Release;
		};
		14377C1A246DE218005B0795 /* Build configuration list for PBXNativeTarget "Tiv Bible" */ = {
			isa = XCConfigurationList;
			buildConfigurations = (
				14377C1B246DE218005B0795 /* Debug */,
				14377C1C246DE218005B0795 /* Release */,
			);
			defaultConfigurationIsVisible = 0;
			defaultConfigurationName = Release;
		};
		14377C1D246DE218005B0795 /* Build configuration list for PBXNativeTarget "Tiv BibleTests" */ = {
			isa = XCConfigurationList;
			buildConfigurations = (
				14377C1E246DE218005B0795 /* Debug */,
				14377C1F246DE218005B0795 /* Release */,
			);
			defaultConfigurationIsVisible = 0;
			defaultConfigurationName = Release;
		};
		14377C20246DE218005B0795 /* Build configuration list for PBXNativeTarget "Tiv BibleUITests" */ = {
			isa = XCConfigurationList;
			buildConfigurations = (
				14377C21246DE218005B0795 /* Debug */,
				14377C22246DE218005B0795 /* Release */,
			);
			defaultConfigurationIsVisible = 0;
			defaultConfigurationName = Release;
		};
/* End XCConfigurationList section */
	};
	rootObject = 14377BE8246DE214005B0795 /* Project object */;
}
